// !$*UTF8*$!
{
	archiveVersion = 1;
	classes = {
	};
	objectVersion = 46;
	objects = {

/* Begin PBXBuildFile section */
		BBEFA9CE9BD1397F37598BCD /* Pods_Beto.framework in Frameworks */ = {isa = PBXBuildFile; fileRef = C539D7481A482CD786E1F8AF /* Pods_Beto.framework */; };
		F10B56301BFD4CA000137CC3 /* SignInViewController.swift in Sources */ = {isa = PBXBuildFile; fileRef = F10B562F1BFD4CA000137CC3 /* SignInViewController.swift */; };
		F10B56321BFD519700137CC3 /* SignInViewControllerHelper.swift in Sources */ = {isa = PBXBuildFile; fileRef = F10B56311BFD519700137CC3 /* SignInViewControllerHelper.swift */; };
		F10B56351BFD569000137CC3 /* SubmitUnFilled.png in Resources */ = {isa = PBXBuildFile; fileRef = F10B56341BFD569000137CC3 /* SubmitUnFilled.png */; };
		F10B56371BFD569800137CC3 /* SubmitFilled.png in Resources */ = {isa = PBXBuildFile; fileRef = F10B56361BFD569800137CC3 /* SubmitFilled.png */; };
		F113026D1BFE53C400AE2B13 /* facebook.png in Resources */ = {isa = PBXBuildFile; fileRef = F113026C1BFE53C400AE2B13 /* facebook.png */; };
		F113026F1BFE609300AE2B13 /* Main.storyboard in Resources */ = {isa = PBXBuildFile; fileRef = F113026E1BFE609300AE2B13 /* Main.storyboard */; };
		F11302751BFEE9FD00AE2B13 /* BetoLogo.jpg in Resources */ = {isa = PBXBuildFile; fileRef = F11302741BFEE9FD00AE2B13 /* BetoLogo.jpg */; };
		F11302771BFEEF7F00AE2B13 /* background.jpg in Resources */ = {isa = PBXBuildFile; fileRef = F11302761BFEEF7F00AE2B13 /* background.jpg */; };
		F16571CD1BFAF382007459AE /* twitter.png in Resources */ = {isa = PBXBuildFile; fileRef = F16571CC1BFAF382007459AE /* twitter.png */; };
		F16571D31BFAF970007459AE /* Constants.swift in Sources */ = {isa = PBXBuildFile; fileRef = F16571D21BFAF970007459AE /* Constants.swift */; };
		F16571DF1BFB0A33007459AE /* password.png in Resources */ = {isa = PBXBuildFile; fileRef = F16571DE1BFB0A33007459AE /* password.png */; };
		F16571E11BFB0A68007459AE /* signUp.png in Resources */ = {isa = PBXBuildFile; fileRef = F16571E01BFB0A68007459AE /* signUp.png */; };
		F17805151BFBA3DB000BC19B /* LogInViewControllerHelper.swift in Sources */ = {isa = PBXBuildFile; fileRef = F17805141BFBA3DB000BC19B /* LogInViewControllerHelper.swift */; };
		F1BA0A1B1C02EE9B0029F77A /* README.pdf in Resources */ = {isa = PBXBuildFile; fileRef = F1BA0A1A1C02EE9B0029F77A /* README.pdf */; };
		F1D501EF1BFAF0A800032D50 /* AppDelegate.swift in Sources */ = {isa = PBXBuildFile; fileRef = F1D501EE1BFAF0A800032D50 /* AppDelegate.swift */; };
		F1D501F61BFAF0A800032D50 /* Assets.xcassets in Resources */ = {isa = PBXBuildFile; fileRef = F1D501F51BFAF0A800032D50 /* Assets.xcassets */; };
		F1D501F91BFAF0A800032D50 /* LaunchScreen.storyboard in Resources */ = {isa = PBXBuildFile; fileRef = F1D501F71BFAF0A800032D50 /* LaunchScreen.storyboard */; };
		F1D502041BFAF0A800032D50 /* BetoTests.swift in Sources */ = {isa = PBXBuildFile; fileRef = F1D502031BFAF0A800032D50 /* BetoTests.swift */; };
		F1D5020F1BFAF0A800032D50 /* BetoUITests.swift in Sources */ = {isa = PBXBuildFile; fileRef = F1D5020E1BFAF0A800032D50 /* BetoUITests.swift */; };
		F1D502281BFAF1E900032D50 /* LogInViewController.swift in Sources */ = {isa = PBXBuildFile; fileRef = F1D502271BFAF1E900032D50 /* LogInViewController.swift */; };
		F1D63E341BFFBE0200327C0C /* BetoLaunchScreenLogo.jpg in Resources */ = {isa = PBXBuildFile; fileRef = F1D63E331BFFBE0200327C0C /* BetoLaunchScreenLogo.jpg */; };
		F1E1EB771C019772009E301E /* Trending.png in Resources */ = {isa = PBXBuildFile; fileRef = F1E1EB761C019772009E301E /* Trending.png */; };
		F1E1EB791C0197B2009E301E /* Map.png in Resources */ = {isa = PBXBuildFile; fileRef = F1E1EB781C0197B2009E301E /* Map.png */; };
		F1E1EB7B1C0199BE009E301E /* BetoTabViewController.swift in Sources */ = {isa = PBXBuildFile; fileRef = F1E1EB7A1C0199BE009E301E /* BetoTabViewController.swift */; };
		F1E780721BFD59900076CCC8 /* Close.png in Resources */ = {isa = PBXBuildFile; fileRef = F1E780711BFD59900076CCC8 /* Close.png */; };
/* End PBXBuildFile section */

/* Begin PBXContainerItemProxy section */
		F1D502001BFAF0A800032D50 /* PBXContainerItemProxy */ = {
			isa = PBXContainerItemProxy;
			containerPortal = F1D501E31BFAF0A800032D50 /* Project object */;
			proxyType = 1;
			remoteGlobalIDString = F1D501EA1BFAF0A800032D50;
			remoteInfo = Beto;
		};
		F1D5020B1BFAF0A800032D50 /* PBXContainerItemProxy */ = {
			isa = PBXContainerItemProxy;
			containerPortal = F1D501E31BFAF0A800032D50 /* Project object */;
			proxyType = 1;
			remoteGlobalIDString = F1D501EA1BFAF0A800032D50;
			remoteInfo = Beto;
		};
/* End PBXContainerItemProxy section */

/* Begin PBXFileReference section */
		0CDF39CCCB544187E3E17B04 /* Pods-Beto.debug.xcconfig */ = {isa = PBXFileReference; includeInIndex = 1; lastKnownFileType = text.xcconfig; name = "Pods-Beto.debug.xcconfig"; path = "Pods/Target Support Files/Pods-Beto/Pods-Beto.debug.xcconfig"; sourceTree = "<group>"; };
		BDED344D1068B37E2F9E10F0 /* Pods-Beto.release.xcconfig */ = {isa = PBXFileReference; includeInIndex = 1; lastKnownFileType = text.xcconfig; name = "Pods-Beto.release.xcconfig"; path = "Pods/Target Support Files/Pods-Beto/Pods-Beto.release.xcconfig"; sourceTree = "<group>"; };
		C539D7481A482CD786E1F8AF /* Pods_Beto.framework */ = {isa = PBXFileReference; explicitFileType = wrapper.framework; includeInIndex = 0; path = Pods_Beto.framework; sourceTree = BUILT_PRODUCTS_DIR; };
		F10B562F1BFD4CA000137CC3 /* SignInViewController.swift */ = {isa = PBXFileReference; fileEncoding = 4; lastKnownFileType = sourcecode.swift; path = SignInViewController.swift; sourceTree = "<group>"; };
		F10B56311BFD519700137CC3 /* SignInViewControllerHelper.swift */ = {isa = PBXFileReference; fileEncoding = 4; lastKnownFileType = sourcecode.swift; path = SignInViewControllerHelper.swift; sourceTree = "<group>"; };
		F10B56341BFD569000137CC3 /* SubmitUnFilled.png */ = {isa = PBXFileReference; lastKnownFileType = image.png; path = SubmitUnFilled.png; sourceTree = "<group>"; };
		F10B56361BFD569800137CC3 /* SubmitFilled.png */ = {isa = PBXFileReference; lastKnownFileType = image.png; path = SubmitFilled.png; sourceTree = "<group>"; };
		F113026C1BFE53C400AE2B13 /* facebook.png */ = {isa = PBXFileReference; lastKnownFileType = image.png; path = facebook.png; sourceTree = "<group>"; };
		F113026E1BFE609300AE2B13 /* Main.storyboard */ = {isa = PBXFileReference; fileEncoding = 4; lastKnownFileType = file.storyboard; path = Main.storyboard; sourceTree = "<group>"; };
		F11302741BFEE9FD00AE2B13 /* BetoLogo.jpg */ = {isa = PBXFileReference; lastKnownFileType = image.jpeg; path = BetoLogo.jpg; sourceTree = "<group>"; };
		F11302761BFEEF7F00AE2B13 /* background.jpg */ = {isa = PBXFileReference; lastKnownFileType = image.jpeg; path = background.jpg; sourceTree = "<group>"; };
		F16571CC1BFAF382007459AE /* twitter.png */ = {isa = PBXFileReference; lastKnownFileType = image.png; path = twitter.png; sourceTree = "<group>"; };
		F16571D21BFAF970007459AE /* Constants.swift */ = {isa = PBXFileReference; fileEncoding = 4; lastKnownFileType = sourcecode.swift; path = Constants.swift; sourceTree = "<group>"; };
		F16571DE1BFB0A33007459AE /* password.png */ = {isa = PBXFileReference; lastKnownFileType = image.png; path = password.png; sourceTree = "<group>"; };
		F16571E01BFB0A68007459AE /* signUp.png */ = {isa = PBXFileReference; lastKnownFileType = image.png; path = signUp.png; sourceTree = "<group>"; };
		F17805141BFBA3DB000BC19B /* LogInViewControllerHelper.swift */ = {isa = PBXFileReference; fileEncoding = 4; lastKnownFileType = sourcecode.swift; path = LogInViewControllerHelper.swift; sourceTree = "<group>"; };
		F1BA0A1A1C02EE9B0029F77A /* README.pdf */ = {isa = PBXFileReference; lastKnownFileType = image.pdf; path = README.pdf; sourceTree = "<group>"; };
		F1D501EB1BFAF0A800032D50 /* Beto.app */ = {isa = PBXFileReference; explicitFileType = wrapper.application; includeInIndex = 0; path = Beto.app; sourceTree = BUILT_PRODUCTS_DIR; };
		F1D501EE1BFAF0A800032D50 /* AppDelegate.swift */ = {isa = PBXFileReference; lastKnownFileType = sourcecode.swift; path = AppDelegate.swift; sourceTree = "<group>"; };
		F1D501F51BFAF0A800032D50 /* Assets.xcassets */ = {isa = PBXFileReference; lastKnownFileType = folder.assetcatalog; path = Assets.xcassets; sourceTree = "<group>"; };
		F1D501F81BFAF0A800032D50 /* Base */ = {isa = PBXFileReference; lastKnownFileType = file.storyboard; name = Base; path = Base.lproj/LaunchScreen.storyboard; sourceTree = "<group>"; };
		F1D501FA1BFAF0A800032D50 /* Info.plist */ = {isa = PBXFileReference; lastKnownFileType = text.plist.xml; path = Info.plist; sourceTree = "<group>"; };
		F1D501FF1BFAF0A800032D50 /* BetoTests.xctest */ = {isa = PBXFileReference; explicitFileType = wrapper.cfbundle; includeInIndex = 0; path = BetoTests.xctest; sourceTree = BUILT_PRODUCTS_DIR; };
		F1D502031BFAF0A800032D50 /* BetoTests.swift */ = {isa = PBXFileReference; lastKnownFileType = sourcecode.swift; path = BetoTests.swift; sourceTree = "<group>"; };
		F1D502051BFAF0A800032D50 /* Info.plist */ = {isa = PBXFileReference; lastKnownFileType = text.plist.xml; path = Info.plist; sourceTree = "<group>"; };
		F1D5020A1BFAF0A800032D50 /* BetoUITests.xctest */ = {isa = PBXFileReference; explicitFileType = wrapper.cfbundle; includeInIndex = 0; path = BetoUITests.xctest; sourceTree = BUILT_PRODUCTS_DIR; };
		F1D5020E1BFAF0A800032D50 /* BetoUITests.swift */ = {isa = PBXFileReference; lastKnownFileType = sourcecode.swift; path = BetoUITests.swift; sourceTree = "<group>"; };
		F1D502101BFAF0A800032D50 /* Info.plist */ = {isa = PBXFileReference; lastKnownFileType = text.plist.xml; path = Info.plist; sourceTree = "<group>"; };
		F1D502271BFAF1E900032D50 /* LogInViewController.swift */ = {isa = PBXFileReference; fileEncoding = 4; lastKnownFileType = sourcecode.swift; path = LogInViewController.swift; sourceTree = "<group>"; };
		F1D63E331BFFBE0200327C0C /* BetoLaunchScreenLogo.jpg */ = {isa = PBXFileReference; lastKnownFileType = image.jpeg; path = BetoLaunchScreenLogo.jpg; sourceTree = "<group>"; };
		F1E1EB761C019772009E301E /* Trending.png */ = {isa = PBXFileReference; lastKnownFileType = image.png; path = Trending.png; sourceTree = "<group>"; };
		F1E1EB781C0197B2009E301E /* Map.png */ = {isa = PBXFileReference; lastKnownFileType = image.png; path = Map.png; sourceTree = "<group>"; };
		F1E1EB7A1C0199BE009E301E /* BetoTabViewController.swift */ = {isa = PBXFileReference; fileEncoding = 4; lastKnownFileType = sourcecode.swift; path = BetoTabViewController.swift; sourceTree = "<group>"; };
		F1E780711BFD59900076CCC8 /* Close.png */ = {isa = PBXFileReference; lastKnownFileType = image.png; path = Close.png; sourceTree = "<group>"; };
/* End PBXFileReference section */

/* Begin PBXFrameworksBuildPhase section */
		F1D501E81BFAF0A800032D50 /* Frameworks */ = {
			isa = PBXFrameworksBuildPhase;
			buildActionMask = 2147483647;
			files = (
				BBEFA9CE9BD1397F37598BCD /* Pods_Beto.framework in Frameworks */,
			);
			runOnlyForDeploymentPostprocessing = 0;
		};
		F1D501FC1BFAF0A800032D50 /* Frameworks */ = {
			isa = PBXFrameworksBuildPhase;
			buildActionMask = 2147483647;
			files = (
			);
			runOnlyForDeploymentPostprocessing = 0;
		};
		F1D502071BFAF0A800032D50 /* Frameworks */ = {
			isa = PBXFrameworksBuildPhase;
			buildActionMask = 2147483647;
			files = (
			);
			runOnlyForDeploymentPostprocessing = 0;
		};
/* End PBXFrameworksBuildPhase section */

/* Begin PBXGroup section */
		4D4D53139DA3D8BE86BCC64F /* Frameworks */ = {
			isa = PBXGroup;
			children = (
				C539D7481A482CD786E1F8AF /* Pods_Beto.framework */,
			);
			name = Frameworks;
			sourceTree = "<group>";
		};
		50C9B3E2A76452B13777E95E /* Pods */ = {
			isa = PBXGroup;
			children = (
				0CDF39CCCB544187E3E17B04 /* Pods-Beto.debug.xcconfig */,
				BDED344D1068B37E2F9E10F0 /* Pods-Beto.release.xcconfig */,
			);
			name = Pods;
			sourceTree = "<group>";
		};
		F10B56331BFD565000137CC3 /* SignInData */ = {
			isa = PBXGroup;
			children = (
				F10B56341BFD569000137CC3 /* SubmitUnFilled.png */,
				F10B56361BFD569800137CC3 /* SubmitFilled.png */,
				F1E780711BFD59900076CCC8 /* Close.png */,
			);
			name = SignInData;
			sourceTree = "<group>";
		};
		F17805121BFB9F23000BC19B /* Assets */ = {
			isa = PBXGroup;
			children = (
				F11302741BFEE9FD00AE2B13 /* BetoLogo.jpg */,
				F1D63E321BFFBDC500327C0C /* LaunchScreenData */,
				F1D502231BFAF12800032D50 /* LogInData */,
				F10B56331BFD565000137CC3 /* SignInData */,
				F1E1EB711C0196CB009E301E /* BetoTabViewData */,
			);
			name = Assets;
			sourceTree = "<group>";
		};
		F17805131BFBA3BE000BC19B /* Helper */ = {
			isa = PBXGroup;
			children = (
				F17805141BFBA3DB000BC19B /* LogInViewControllerHelper.swift */,
				F10B56311BFD519700137CC3 /* SignInViewControllerHelper.swift */,
			);
			name = Helper;
			sourceTree = "<group>";
		};
		F1D501E21BFAF0A800032D50 = {
			isa = PBXGroup;
			children = (
				F1BA0A1A1C02EE9B0029F77A /* README.pdf */,
				F1D501ED1BFAF0A800032D50 /* Beto */,
				F1D502021BFAF0A800032D50 /* BetoTests */,
				F1D5020D1BFAF0A800032D50 /* BetoUITests */,
				F1D501EC1BFAF0A800032D50 /* Products */,
				50C9B3E2A76452B13777E95E /* Pods */,
				4D4D53139DA3D8BE86BCC64F /* Frameworks */,
			);
			sourceTree = "<group>";
		};
		F1D501EC1BFAF0A800032D50 /* Products */ = {
			isa = PBXGroup;
			children = (
				F1D501EB1BFAF0A800032D50 /* Beto.app */,
				F1D501FF1BFAF0A800032D50 /* BetoTests.xctest */,
				F1D5020A1BFAF0A800032D50 /* BetoUITests.xctest */,
			);
			name = Products;
			sourceTree = "<group>";
		};
		F1D501ED1BFAF0A800032D50 /* Beto */ = {
			isa = PBXGroup;
			children = (
				F1D501EE1BFAF0A800032D50 /* AppDelegate.swift */,
				F1D5021E1BFAF0CB00032D50 /* Model */,
				F1D5021F1BFAF0D900032D50 /* View */,
				F1D502201BFAF0DE00032D50 /* Controller */,
				F1D502211BFAF0E400032D50 /* Supporting Files */,
				F17805121BFB9F23000BC19B /* Assets */,
			);
			path = Beto;
			sourceTree = "<group>";
		};
		F1D502021BFAF0A800032D50 /* BetoTests */ = {
			isa = PBXGroup;
			children = (
				F1D502031BFAF0A800032D50 /* BetoTests.swift */,
				F1D502051BFAF0A800032D50 /* Info.plist */,
			);
			path = BetoTests;
			sourceTree = "<group>";
		};
		F1D5020D1BFAF0A800032D50 /* BetoUITests */ = {
			isa = PBXGroup;
			children = (
				F1D5020E1BFAF0A800032D50 /* BetoUITests.swift */,
				F1D502101BFAF0A800032D50 /* Info.plist */,
			);
			path = BetoUITests;
			sourceTree = "<group>";
		};
		F1D5021E1BFAF0CB00032D50 /* Model */ = {
			isa = PBXGroup;
			children = (
				F16571D21BFAF970007459AE /* Constants.swift */,
			);
			name = Model;
			sourceTree = "<group>";
		};
		F1D5021F1BFAF0D900032D50 /* View */ = {
			isa = PBXGroup;
			children = (
				F113026E1BFE609300AE2B13 /* Main.storyboard */,
			);
			name = View;
			sourceTree = "<group>";
		};
		F1D502201BFAF0DE00032D50 /* Controller */ = {
			isa = PBXGroup;
			children = (
				F17805131BFBA3BE000BC19B /* Helper */,
				F1D502271BFAF1E900032D50 /* LogInViewController.swift */,
				F10B562F1BFD4CA000137CC3 /* SignInViewController.swift */,
				F1E1EB7A1C0199BE009E301E /* BetoTabViewController.swift */,
			);
			name = Controller;
			sourceTree = "<group>";
		};
		F1D502211BFAF0E400032D50 /* Supporting Files */ = {
			isa = PBXGroup;
			children = (
				F1D501F71BFAF0A800032D50 /* LaunchScreen.storyboard */,
				F1D501F51BFAF0A800032D50 /* Assets.xcassets */,
				F1D501FA1BFAF0A800032D50 /* Info.plist */,
			);
			name = "Supporting Files";
			sourceTree = "<group>";
		};
		F1D502231BFAF12800032D50 /* LogInData */ = {
			isa = PBXGroup;
			children = (
				F11302761BFEEF7F00AE2B13 /* background.jpg */,
				F113026C1BFE53C400AE2B13 /* facebook.png */,
				F16571CC1BFAF382007459AE /* twitter.png */,
				F16571DE1BFB0A33007459AE /* password.png */,
				F16571E01BFB0A68007459AE /* signUp.png */,
			);
			name = LogInData;
			sourceTree = "<group>";
		};
		F1D63E321BFFBDC500327C0C /* LaunchScreenData */ = {
			isa = PBXGroup;
			children = (
				F1D63E331BFFBE0200327C0C /* BetoLaunchScreenLogo.jpg */,
			);
			name = LaunchScreenData;
			sourceTree = "<group>";
		};
		F1E1EB711C0196CB009E301E /* BetoTabViewData */ = {
			isa = PBXGroup;
			children = (
				F1E1EB761C019772009E301E /* Trending.png */,
				F1E1EB781C0197B2009E301E /* Map.png */,
			);
			name = BetoTabViewData;
			sourceTree = "<group>";
		};
/* End PBXGroup section */

/* Begin PBXNativeTarget section */
		F1D501EA1BFAF0A800032D50 /* Beto */ = {
			isa = PBXNativeTarget;
			buildConfigurationList = F1D502131BFAF0A800032D50 /* Build configuration list for PBXNativeTarget "Beto" */;
			buildPhases = (
				189AAABD075BE7B5929052D4 /* Check Pods Manifest.lock */,
				F1D501E71BFAF0A800032D50 /* Sources */,
				F1D501E81BFAF0A800032D50 /* Frameworks */,
				F1D501E91BFAF0A800032D50 /* Resources */,
				98A629A01496A259E10D7ED6 /* Embed Pods Frameworks */,
				55EE4B95B305711BF6491928 /* Copy Pods Resources */,
			);
			buildRules = (
			);
			dependencies = (
			);
			name = Beto;
			productName = Beto;
			productReference = F1D501EB1BFAF0A800032D50 /* Beto.app */;
			productType = "com.apple.product-type.application";
		};
		F1D501FE1BFAF0A800032D50 /* BetoTests */ = {
			isa = PBXNativeTarget;
			buildConfigurationList = F1D502161BFAF0A800032D50 /* Build configuration list for PBXNativeTarget "BetoTests" */;
			buildPhases = (
				F1D501FB1BFAF0A800032D50 /* Sources */,
				F1D501FC1BFAF0A800032D50 /* Frameworks */,
				F1D501FD1BFAF0A800032D50 /* Resources */,
			);
			buildRules = (
			);
			dependencies = (
				F1D502011BFAF0A800032D50 /* PBXTargetDependency */,
			);
			name = BetoTests;
			productName = BetoTests;
			productReference = F1D501FF1BFAF0A800032D50 /* BetoTests.xctest */;
			productType = "com.apple.product-type.bundle.unit-test";
		};
		F1D502091BFAF0A800032D50 /* BetoUITests */ = {
			isa = PBXNativeTarget;
			buildConfigurationList = F1D502191BFAF0A800032D50 /* Build configuration list for PBXNativeTarget "BetoUITests" */;
			buildPhases = (
				F1D502061BFAF0A800032D50 /* Sources */,
				F1D502071BFAF0A800032D50 /* Frameworks */,
				F1D502081BFAF0A800032D50 /* Resources */,
			);
			buildRules = (
			);
			dependencies = (
				F1D5020C1BFAF0A800032D50 /* PBXTargetDependency */,
			);
			name = BetoUITests;
			productName = BetoUITests;
			productReference = F1D5020A1BFAF0A800032D50 /* BetoUITests.xctest */;
			productType = "com.apple.product-type.bundle.ui-testing";
		};
/* End PBXNativeTarget section */

/* Begin PBXProject section */
		F1D501E31BFAF0A800032D50 /* Project object */ = {
			isa = PBXProject;
			attributes = {
				LastSwiftUpdateCheck = 0710;
				LastUpgradeCheck = 0710;
				ORGANIZATIONNAME = "Varun D Patel";
				TargetAttributes = {
					F1D501EA1BFAF0A800032D50 = {
						CreatedOnToolsVersion = 7.1.1;
					};
					F1D501FE1BFAF0A800032D50 = {
						CreatedOnToolsVersion = 7.1.1;
						TestTargetID = F1D501EA1BFAF0A800032D50;
					};
					F1D502091BFAF0A800032D50 = {
						CreatedOnToolsVersion = 7.1.1;
						TestTargetID = F1D501EA1BFAF0A800032D50;
					};
				};
			};
			buildConfigurationList = F1D501E61BFAF0A800032D50 /* Build configuration list for PBXProject "Beto" */;
			compatibilityVersion = "Xcode 3.2";
			developmentRegion = English;
			hasScannedForEncodings = 0;
			knownRegions = (
				en,
				Base,
			);
			mainGroup = F1D501E21BFAF0A800032D50;
			productRefGroup = F1D501EC1BFAF0A800032D50 /* Products */;
			projectDirPath = "";
			projectRoot = "";
			targets = (
				F1D501EA1BFAF0A800032D50 /* Beto */,
				F1D501FE1BFAF0A800032D50 /* BetoTests */,
				F1D502091BFAF0A800032D50 /* BetoUITests */,
			);
		};
/* End PBXProject section */

/* Begin PBXResourcesBuildPhase section */
		F1D501E91BFAF0A800032D50 /* Resources */ = {
			isa = PBXResourcesBuildPhase;
			buildActionMask = 2147483647;
			files = (
				F1BA0A1B1C02EE9B0029F77A /* README.pdf in Resources */,
				F10B56371BFD569800137CC3 /* SubmitFilled.png in Resources */,
				F11302771BFEEF7F00AE2B13 /* background.jpg in Resources */,
				F1E780721BFD59900076CCC8 /* Close.png in Resources */,
				F16571DF1BFB0A33007459AE /* password.png in Resources */,
				F1E1EB791C0197B2009E301E /* Map.png in Resources */,
				F16571CD1BFAF382007459AE /* twitter.png in Resources */,
				F1E1EB771C019772009E301E /* Trending.png in Resources */,
				F113026F1BFE609300AE2B13 /* Main.storyboard in Resources */,
				F1D63E341BFFBE0200327C0C /* BetoLaunchScreenLogo.jpg in Resources */,
				F16571E11BFB0A68007459AE /* signUp.png in Resources */,
				F1D501F91BFAF0A800032D50 /* LaunchScreen.storyboard in Resources */,
				F113026D1BFE53C400AE2B13 /* facebook.png in Resources */,
				F11302751BFEE9FD00AE2B13 /* BetoLogo.jpg in Resources */,
				F1D501F61BFAF0A800032D50 /* Assets.xcassets in Resources */,
				F10B56351BFD569000137CC3 /* SubmitUnFilled.png in Resources */,
			);
			runOnlyForDeploymentPostprocessing = 0;
		};
		F1D501FD1BFAF0A800032D50 /* Resources */ = {
			isa = PBXResourcesBuildPhase;
			buildActionMask = 2147483647;
			files = (
			);
			runOnlyForDeploymentPostprocessing = 0;
		};
		F1D502081BFAF0A800032D50 /* Resources */ = {
			isa = PBXResourcesBuildPhase;
			buildActionMask = 2147483647;
			files = (
			);
			runOnlyForDeploymentPostprocessing = 0;
		};
/* End PBXResourcesBuildPhase section */

/* Begin PBXShellScriptBuildPhase section */
		189AAABD075BE7B5929052D4 /* Check Pods Manifest.lock */ = {
			isa = PBXShellScriptBuildPhase;
			buildActionMask = 2147483647;
			files = (
			);
			inputPaths = (
			);
			name = "Check Pods Manifest.lock";
			outputPaths = (
			);
			runOnlyForDeploymentPostprocessing = 0;
			shellPath = /bin/sh;
			shellScript = "diff \"${PODS_ROOT}/../Podfile.lock\" \"${PODS_ROOT}/Manifest.lock\" > /dev/null\nif [[ $? != 0 ]] ; then\n    cat << EOM\nerror: The sandbox is not in sync with the Podfile.lock. Run 'pod install' or update your CocoaPods installation.\nEOM\n    exit 1\nfi\n";
			showEnvVarsInLog = 0;
		};
		55EE4B95B305711BF6491928 /* Copy Pods Resources */ = {
			isa = PBXShellScriptBuildPhase;
			buildActionMask = 2147483647;
			files = (
			);
			inputPaths = (
			);
			name = "Copy Pods Resources";
			outputPaths = (
			);
			runOnlyForDeploymentPostprocessing = 0;
			shellPath = /bin/sh;
			shellScript = "\"${SRCROOT}/Pods/Target Support Files/Pods-Beto/Pods-Beto-resources.sh\"\n";
			showEnvVarsInLog = 0;
		};
		98A629A01496A259E10D7ED6 /* Embed Pods Frameworks */ = {
			isa = PBXShellScriptBuildPhase;
			buildActionMask = 2147483647;
			files = (
			);
			inputPaths = (
			);
			name = "Embed Pods Frameworks";
			outputPaths = (
			);
			runOnlyForDeploymentPostprocessing = 0;
			shellPath = /bin/sh;
			shellScript = "\"${SRCROOT}/Pods/Target Support Files/Pods-Beto/Pods-Beto-frameworks.sh\"\n";
			showEnvVarsInLog = 0;
		};
/* End PBXShellScriptBuildPhase section */

/* Begin PBXSourcesBuildPhase section */
		F1D501E71BFAF0A800032D50 /* Sources */ = {
			isa = PBXSourcesBuildPhase;
			buildActionMask = 2147483647;
			files = (
				F1D502281BFAF1E900032D50 /* LogInViewController.swift in Sources */,
				F1D501EF1BFAF0A800032D50 /* AppDelegate.swift in Sources */,
				F10B56321BFD519700137CC3 /* SignInViewControllerHelper.swift in Sources */,
				F1E1EB7B1C0199BE009E301E /* BetoTabViewController.swift in Sources */,
				F17805151BFBA3DB000BC19B /* LogInViewControllerHelper.swift in Sources */,
				F10B56301BFD4CA000137CC3 /* SignInViewController.swift in Sources */,
				F16571D31BFAF970007459AE /* Constants.swift in Sources */,
			);
			runOnlyForDeploymentPostprocessing = 0;
		};
		F1D501FB1BFAF0A800032D50 /* Sources */ = {
			isa = PBXSourcesBuildPhase;
			buildActionMask = 2147483647;
			files = (
				F1D502041BFAF0A800032D50 /* BetoTests.swift in Sources */,
			);
			runOnlyForDeploymentPostprocessing = 0;
		};
		F1D502061BFAF0A800032D50 /* Sources */ = {
			isa = PBXSourcesBuildPhase;
			buildActionMask = 2147483647;
			files = (
				F1D5020F1BFAF0A800032D50 /* BetoUITests.swift in Sources */,
			);
			runOnlyForDeploymentPostprocessing = 0;
		};
/* End PBXSourcesBuildPhase section */

/* Begin PBXTargetDependency section */
		F1D502011BFAF0A800032D50 /* PBXTargetDependency */ = {
			isa = PBXTargetDependency;
			target = F1D501EA1BFAF0A800032D50 /* Beto */;
			targetProxy = F1D502001BFAF0A800032D50 /* PBXContainerItemProxy */;
		};
		F1D5020C1BFAF0A800032D50 /* PBXTargetDependency */ = {
			isa = PBXTargetDependency;
			target = F1D501EA1BFAF0A800032D50 /* Beto */;
			targetProxy = F1D5020B1BFAF0A800032D50 /* PBXContainerItemProxy */;
		};
/* End PBXTargetDependency section */

/* Begin PBXVariantGroup section */
		F1D501F71BFAF0A800032D50 /* LaunchScreen.storyboard */ = {
			isa = PBXVariantGroup;
			children = (
				F1D501F81BFAF0A800032D50 /* Base */,
			);
			name = LaunchScreen.storyboard;
			sourceTree = "<group>";
		};
/* End PBXVariantGroup section */

/* Begin XCBuildConfiguration section */
		F1D502111BFAF0A800032D50 /* Debug */ = {
			isa = XCBuildConfiguration;
			buildSettings = {
				ALWAYS_SEARCH_USER_PATHS = NO;
				CLANG_CXX_LANGUAGE_STANDARD = "gnu++0x";
				CLANG_CXX_LIBRARY = "libc++";
				CLANG_ENABLE_MODULES = YES;
				CLANG_ENABLE_OBJC_ARC = YES;
				CLANG_WARN_BOOL_CONVERSION = YES;
				CLANG_WARN_CONSTANT_CONVERSION = YES;
				CLANG_WARN_DIRECT_OBJC_ISA_USAGE = YES_ERROR;
				CLANG_WARN_EMPTY_BODY = YES;
				CLANG_WARN_ENUM_CONVERSION = YES;
				CLANG_WARN_INT_CONVERSION = YES;
				CLANG_WARN_OBJC_ROOT_CLASS = YES_ERROR;
				CLANG_WARN_UNREACHABLE_CODE = YES;
				CLANG_WARN__DUPLICATE_METHOD_MATCH = YES;
				"CODE_SIGN_IDENTITY[sdk=iphoneos*]" = "iPhone Developer";
				COPY_PHASE_STRIP = NO;
				DEBUG_INFORMATION_FORMAT = dwarf;
				ENABLE_STRICT_OBJC_MSGSEND = YES;
				ENABLE_TESTABILITY = YES;
				GCC_C_LANGUAGE_STANDARD = gnu99;
				GCC_DYNAMIC_NO_PIC = NO;
				GCC_NO_COMMON_BLOCKS = YES;
				GCC_OPTIMIZATION_LEVEL = 0;
				GCC_PREPROCESSOR_DEFINITIONS = (
					"DEBUG=1",
					"$(inherited)",
				);
				GCC_WARN_64_TO_32_BIT_CONVERSION = YES;
				GCC_WARN_ABOUT_RETURN_TYPE = YES_ERROR;
				GCC_WARN_UNDECLARED_SELECTOR = YES;
				GCC_WARN_UNINITIALIZED_AUTOS = YES_AGGRESSIVE;
				GCC_WARN_UNUSED_FUNCTION = YES;
				GCC_WARN_UNUSED_VARIABLE = YES;
				IPHONEOS_DEPLOYMENT_TARGET = 9.1;
				MTL_ENABLE_DEBUG_INFO = YES;
				ONLY_ACTIVE_ARCH = YES;
				SDKROOT = iphoneos;
				SWIFT_OPTIMIZATION_LEVEL = "-Onone";
				TARGETED_DEVICE_FAMILY = "1,2";
			};
			name = Debug;
		};
		F1D502121BFAF0A800032D50 /* Release */ = {
			isa = XCBuildConfiguration;
			buildSettings = {
				ALWAYS_SEARCH_USER_PATHS = NO;
				CLANG_CXX_LANGUAGE_STANDARD = "gnu++0x";
				CLANG_CXX_LIBRARY = "libc++";
				CLANG_ENABLE_MODULES = YES;
				CLANG_ENABLE_OBJC_ARC = YES;
				CLANG_WARN_BOOL_CONVERSION = YES;
				CLANG_WARN_CONSTANT_CONVERSION = YES;
				CLANG_WARN_DIRECT_OBJC_ISA_USAGE = YES_ERROR;
				CLANG_WARN_EMPTY_BODY = YES;
				CLANG_WARN_ENUM_CONVERSION = YES;
				CLANG_WARN_INT_CONVERSION = YES;
				CLANG_WARN_OBJC_ROOT_CLASS = YES_ERROR;
				CLANG_WARN_UNREACHABLE_CODE = YES;
				CLANG_WARN__DUPLICATE_METHOD_MATCH = YES;
				"CODE_SIGN_IDENTITY[sdk=iphoneos*]" = "iPhone Developer";
				COPY_PHASE_STRIP = NO;
				DEBUG_INFORMATION_FORMAT = "dwarf-with-dsym";
				ENABLE_NS_ASSERTIONS = NO;
				ENABLE_STRICT_OBJC_MSGSEND = YES;
				GCC_C_LANGUAGE_STANDARD = gnu99;
				GCC_NO_COMMON_BLOCKS = YES;
				GCC_WARN_64_TO_32_BIT_CONVERSION = YES;
				GCC_WARN_ABOUT_RETURN_TYPE = YES_ERROR;
				GCC_WARN_UNDECLARED_SELECTOR = YES;
				GCC_WARN_UNINITIALIZED_AUTOS = YES_AGGRESSIVE;
				GCC_WARN_UNUSED_FUNCTION = YES;
				GCC_WARN_UNUSED_VARIABLE = YES;
				IPHONEOS_DEPLOYMENT_TARGET = 9.1;
				MTL_ENABLE_DEBUG_INFO = NO;
				SDKROOT = iphoneos;
				TARGETED_DEVICE_FAMILY = "1,2";
				VALIDATE_PRODUCT = YES;
			};
			name = Release;
		};
		F1D502141BFAF0A800032D50 /* Debug */ = {
			isa = XCBuildConfiguration;
			baseConfigurationReference = 0CDF39CCCB544187E3E17B04 /* Pods-Beto.debug.xcconfig */;
			buildSettings = {
				ASSETCATALOG_COMPILER_APPICON_NAME = AppIcon;
				CLANG_ALLOW_NON_MODULAR_INCLUDES_IN_FRAMEWORK_MODULES = NO;
				ENABLE_BITCODE = NO;
				FRAMEWORK_SEARCH_PATHS = "";
				INFOPLIST_FILE = Beto/Info.plist;
				LD_RUNPATH_SEARCH_PATHS = "$(inherited) @executable_path/Frameworks";
				PRODUCT_BUNDLE_IDENTIFIER = edu.psu.cse.vdp5013.Beto;
				PRODUCT_NAME = "$(TARGET_NAME)";
				SWIFT_OBJC_BRIDGING_HEADER = "";
			};
			name = Debug;
		};
		F1D502151BFAF0A800032D50 /* Release */ = {
			isa = XCBuildConfiguration;
			baseConfigurationReference = BDED344D1068B37E2F9E10F0 /* Pods-Beto.release.xcconfig */;
			buildSettings = {
				ASSETCATALOG_COMPILER_APPICON_NAME = AppIcon;
				CLANG_ALLOW_NON_MODULAR_INCLUDES_IN_FRAMEWORK_MODULES = NO;
				ENABLE_BITCODE = NO;
				FRAMEWORK_SEARCH_PATHS = "";
				INFOPLIST_FILE = Beto/Info.plist;
				LD_RUNPATH_SEARCH_PATHS = "$(inherited) @executable_path/Frameworks";
				PRODUCT_BUNDLE_IDENTIFIER = edu.psu.cse.vdp5013.Beto;
				PRODUCT_NAME = "$(TARGET_NAME)";
				SWIFT_OBJC_BRIDGING_HEADER = "";
			};
			name = Release;
		};
		F1D502171BFAF0A800032D50 /* Debug */ = {
			isa = XCBuildConfiguration;
			baseConfigurationReference = 0CDF39CCCB544187E3E17B04 /* Pods-Beto.debug.xcconfig */;
			buildSettings = {
				BUNDLE_LOADER = "$(TEST_HOST)";
				INFOPLIST_FILE = BetoTests/Info.plist;
				LD_RUNPATH_SEARCH_PATHS = "$(inherited) @executable_path/Frameworks @loader_path/Frameworks";
				PRODUCT_BUNDLE_IDENTIFIER = edu.psu.cse.vdp5013.BetoTests;
				PRODUCT_NAME = "$(TARGET_NAME)";
				TEST_HOST = "$(BUILT_PRODUCTS_DIR)/Beto.app/Beto";
			};
			name = Debug;
		};
		F1D502181BFAF0A800032D50 /* Release */ = {
			isa = XCBuildConfiguration;
			baseConfigurationReference = BDED344D1068B37E2F9E10F0 /* Pods-Beto.release.xcconfig */;
			buildSettings = {
				BUNDLE_LOADER = "$(TEST_HOST)";
				INFOPLIST_FILE = BetoTests/Info.plist;
				LD_RUNPATH_SEARCH_PATHS = "$(inherited) @executable_path/Frameworks @loader_path/Frameworks";
				PRODUCT_BUNDLE_IDENTIFIER = edu.psu.cse.vdp5013.BetoTests;
				PRODUCT_NAME = "$(TARGET_NAME)";
				TEST_HOST = "$(BUILT_PRODUCTS_DIR)/Beto.app/Beto";
			};
			name = Release;
		};
		F1D5021A1BFAF0A800032D50 /* Debug */ = {
			isa = XCBuildConfiguration;
			baseConfigurationReference = 0CDF39CCCB544187E3E17B04 /* Pods-Beto.debug.xcconfig */;
			buildSettings = {
				INFOPLIST_FILE = BetoUITests/Info.plist;
				LD_RUNPATH_SEARCH_PATHS = "$(inherited) @executable_path/Frameworks @loader_path/Frameworks";
				PRODUCT_BUNDLE_IDENTIFIER = edu.psu.cse.vdp5013.BetoUITests;
				PRODUCT_NAME = "$(TARGET_NAME)";
				TEST_TARGET_NAME = Beto;
				USES_XCTRUNNER = YES;
			};
			name = Debug;
		};
		F1D5021B1BFAF0A800032D50 /* Release */ = {
			isa = XCBuildConfiguration;
			baseConfigurationReference = BDED344D1068B37E2F9E10F0 /* Pods-Beto.release.xcconfig */;
			buildSettings = {
				INFOPLIST_FILE = BetoUITests/Info.plist;
				LD_RUNPATH_SEARCH_PATHS = "$(inherited) @executable_path/Frameworks @loader_path/Frameworks";
				PRODUCT_BUNDLE_IDENTIFIER = edu.psu.cse.vdp5013.BetoUITests;
				PRODUCT_NAME = "$(TARGET_NAME)";
				TEST_TARGET_NAME = Beto;
				USES_XCTRUNNER = YES;
			};
			name = Release;
		};
/* End XCBuildConfiguration section */

/* Begin XCConfigurationList section */
		F1D501E61BFAF0A800032D50 /* Build configuration list for PBXProject "Beto" */ = {
			isa = XCConfigurationList;
			buildConfigurations = (
				F1D502111BFAF0A800032D50 /* Debug */,
				F1D502121BFAF0A800032D50 /* Release */,
			);
			defaultConfigurationIsVisible = 0;
			defaultConfigurationName = Release;
		};
		F1D502131BFAF0A800032D50 /* Build configuration list for PBXNativeTarget "Beto" */ = {
			isa = XCConfigurationList;
			buildConfigurations = (
				F1D502141BFAF0A800032D50 /* Debug */,
				F1D502151BFAF0A800032D50 /* Release */,
			);
			defaultConfigurationIsVisible = 0;
			defaultConfigurationName = Release;
		};
		F1D502161BFAF0A800032D50 /* Build configuration list for PBXNativeTarget "BetoTests" */ = {
			isa = XCConfigurationList;
			buildConfigurations = (
				F1D502171BFAF0A800032D50 /* Debug */,
				F1D502181BFAF0A800032D50 /* Release */,
			);
			defaultConfigurationIsVisible = 0;
			defaultConfigurationName = Release;
		};
		F1D502191BFAF0A800032D50 /* Build configuration list for PBXNativeTarget "BetoUITests" */ = {
			isa = XCConfigurationList;
			buildConfigurations = (
				F1D5021A1BFAF0A800032D50 /* Debug */,
				F1D5021B1BFAF0A800032D50 /* Release */,
			);
			defaultConfigurationIsVisible = 0;
			defaultConfigurationName = Release;
		};
/* End XCConfigurationList section */
	};
	rootObject = F1D501E31BFAF0A800032D50 /* Project object */;
}
