// !$*UTF8*$!
{
	archiveVersion = 1;
	classes = {
	};
	objectVersion = 46;
	objects = {

/* Begin PBXBuildFile section */
		E18AC570440C39678AA7D222 /* Pods_Beto.framework in Frameworks */ = {isa = PBXBuildFile; fileRef = 71082586F94F3D355BB8226E /* Pods_Beto.framework */; };
		F15C696D1C17FE9B00851E1C /* AppDelegate.swift in Sources */ = {isa = PBXBuildFile; fileRef = F15C696C1C17FE9B00851E1C /* AppDelegate.swift */; };
		F15C69821C17FE9B00851E1C /* BetoTests.swift in Sources */ = {isa = PBXBuildFile; fileRef = F15C69811C17FE9B00851E1C /* BetoTests.swift */; };
		F15C698D1C17FE9B00851E1C /* BetoUITests.swift in Sources */ = {isa = PBXBuildFile; fileRef = F15C698C1C17FE9B00851E1C /* BetoUITests.swift */; };
		F15C699F1C17FEE700851E1C /* Event.swift in Sources */ = {isa = PBXBuildFile; fileRef = F15C699E1C17FEE700851E1C /* Event.swift */; };
		F15C69A11C17FF0A00851E1C /* Constants.swift in Sources */ = {isa = PBXBuildFile; fileRef = F15C69A01C17FF0A00851E1C /* Constants.swift */; };
		F15C69A51C17FF3500851E1C /* Trending.swift in Sources */ = {isa = PBXBuildFile; fileRef = F15C69A41C17FF3500851E1C /* Trending.swift */; };
		F15C69A91C17FF9100851E1C /* TrendingTableViewCell.swift in Sources */ = {isa = PBXBuildFile; fileRef = F15C69A81C17FF9100851E1C /* TrendingTableViewCell.swift */; };
		F15C69B01C17FFF500851E1C /* LogInViewControllerHelper.swift in Sources */ = {isa = PBXBuildFile; fileRef = F15C69AF1C17FFF500851E1C /* LogInViewControllerHelper.swift */; };
		F15C69B31C18001400851E1C /* SignInViewControllerHelper.swift in Sources */ = {isa = PBXBuildFile; fileRef = F15C69B21C18001400851E1C /* SignInViewControllerHelper.swift */; };
		F15C69B51C18003100851E1C /* LogInViewController.swift in Sources */ = {isa = PBXBuildFile; fileRef = F15C69B41C18003100851E1C /* LogInViewController.swift */; };
		F15C69B71C18004800851E1C /* SignInViewController.swift in Sources */ = {isa = PBXBuildFile; fileRef = F15C69B61C18004800851E1C /* SignInViewController.swift */; };
		F15C69BB1C1800A700851E1C /* ParseBetoTabViewControllerHelper.swift in Sources */ = {isa = PBXBuildFile; fileRef = F15C69BA1C1800A700851E1C /* ParseBetoTabViewControllerHelper.swift */; };
		F15C69BD1C1800BE00851E1C /* BetoTabViewController.swift in Sources */ = {isa = PBXBuildFile; fileRef = F15C69BC1C1800BE00851E1C /* BetoTabViewController.swift */; };
		F15C69C21C1800F500851E1C /* TrendViewController.swift in Sources */ = {isa = PBXBuildFile; fileRef = F15C69C11C1800F500851E1C /* TrendViewController.swift */; };
		F15C69C41C18010E00851E1C /* ExploreViewController.swift in Sources */ = {isa = PBXBuildFile; fileRef = F15C69C31C18010D00851E1C /* ExploreViewController.swift */; };
		F15C69C61C18012100851E1C /* InfoViewController.swift in Sources */ = {isa = PBXBuildFile; fileRef = F15C69C51C18012100851E1C /* InfoViewController.swift */; };
		F15C69FA1C1806E100851E1C /* BetoLogo.jpg in Resources */ = {isa = PBXBuildFile; fileRef = F15C69CB1C18020400851E1C /* BetoLogo.jpg */; };
		F15C69FB1C1806E100851E1C /* BetoLaunchScreenLogo.jpg in Resources */ = {isa = PBXBuildFile; fileRef = F15C69CE1C18021A00851E1C /* BetoLaunchScreenLogo.jpg */; };
		F15C69FC1C1806E100851E1C /* background.jpg in Resources */ = {isa = PBXBuildFile; fileRef = F15C69D11C18023300851E1C /* background.jpg */; };
		F15C69FD1C1806E100851E1C /* facebook.png in Resources */ = {isa = PBXBuildFile; fileRef = F15C69D21C18023300851E1C /* facebook.png */; };
		F15C69FE1C1806E100851E1C /* twitter.png in Resources */ = {isa = PBXBuildFile; fileRef = F15C69D31C18023300851E1C /* twitter.png */; };
		F15C69FF1C1806E100851E1C /* password.png in Resources */ = {isa = PBXBuildFile; fileRef = F15C69D41C18023300851E1C /* password.png */; };
		F15C6A001C1806E100851E1C /* signUp.png in Resources */ = {isa = PBXBuildFile; fileRef = F15C69D51C18023300851E1C /* signUp.png */; };
		F15C6A011C1806E100851E1C /* SubmitUnFilled.png in Resources */ = {isa = PBXBuildFile; fileRef = F15C69DC1C18024F00851E1C /* SubmitUnFilled.png */; };
		F15C6A021C1806E100851E1C /* SubmitFilled.png in Resources */ = {isa = PBXBuildFile; fileRef = F15C69DD1C18024F00851E1C /* SubmitFilled.png */; };
		F15C6A031C1806E100851E1C /* Close.png in Resources */ = {isa = PBXBuildFile; fileRef = F15C69DE1C18024F00851E1C /* Close.png */; };
		F15C6A041C1806E100851E1C /* Settings.png in Resources */ = {isa = PBXBuildFile; fileRef = F15C69E31C18027400851E1C /* Settings.png */; };
		F15C6A051C1806E100851E1C /* Trending.png in Resources */ = {isa = PBXBuildFile; fileRef = F15C69E41C18027400851E1C /* Trending.png */; };
		F15C6A061C1806E100851E1C /* Map.png in Resources */ = {isa = PBXBuildFile; fileRef = F15C69E51C18027400851E1C /* Map.png */; };
		F15C6A071C1806E100851E1C /* Refresh.png in Resources */ = {isa = PBXBuildFile; fileRef = F15C69EA1C18029600851E1C /* Refresh.png */; };
		F15C6A081C1806E100851E1C /* All.png in Resources */ = {isa = PBXBuildFile; fileRef = F15C69EB1C18029600851E1C /* All.png */; };
		F15C6A091C1806E100851E1C /* Sports.png in Resources */ = {isa = PBXBuildFile; fileRef = F15C69EC1C18029600851E1C /* Sports.png */; };
		F15C6A0A1C1806E100851E1C /* Meetings.png in Resources */ = {isa = PBXBuildFile; fileRef = F15C69ED1C18029600851E1C /* Meetings.png */; };
		F15C6A0B1C1806E100851E1C /* Study.png in Resources */ = {isa = PBXBuildFile; fileRef = F15C69EE1C18029600851E1C /* Study.png */; };
		F15C6A0C1C1806E100851E1C /* NightLife.png in Resources */ = {isa = PBXBuildFile; fileRef = F15C69EF1C18029600851E1C /* NightLife.png */; };
		F15C6A0D1C1806E100851E1C /* Concerts.png in Resources */ = {isa = PBXBuildFile; fileRef = F15C69F01C18029600851E1C /* Concerts.png */; };
		F15C6A0E1C1806E700851E1C /* LaunchScreen.storyboard in Resources */ = {isa = PBXBuildFile; fileRef = F15C69C71C18015500851E1C /* LaunchScreen.storyboard */; };
		F15C6A0F1C1806F100851E1C /* Main.storyboard in Resources */ = {isa = PBXBuildFile; fileRef = F15C69AA1C17FFAB00851E1C /* Main.storyboard */; };
		F15C6A101C18070100851E1C /* Assets.xcassets in Resources */ = {isa = PBXBuildFile; fileRef = F15C69731C17FE9B00851E1C /* Assets.xcassets */; };
		F18A8DF21C18C347000B016A /* EventAnnotation.swift in Sources */ = {isa = PBXBuildFile; fileRef = F18A8DF11C18C347000B016A /* EventAnnotation.swift */; };
		F1DB342F1C18C8B70029F6ED /* AddEventFormViewController.swift in Sources */ = {isa = PBXBuildFile; fileRef = F1DB342E1C18C8B70029F6ED /* AddEventFormViewController.swift */; };
		F1DB34311C18C9890029F6ED /* CreateEventsForm.swift in Sources */ = {isa = PBXBuildFile; fileRef = F1DB34301C18C9890029F6ED /* CreateEventsForm.swift */; };
		F1DB343B1C18E96B0029F6ED /* DarkBlue.png in Resources */ = {isa = PBXBuildFile; fileRef = F1DB343A1C18E96B0029F6ED /* DarkBlue.png */; };
		F1DB343D1C18E9AD0029F6ED /* Yellow.png in Resources */ = {isa = PBXBuildFile; fileRef = F1DB343C1C18E9AD0029F6ED /* Yellow.png */; };
		F1DB343F1C18E9BD0029F6ED /* Green.png in Resources */ = {isa = PBXBuildFile; fileRef = F1DB343E1C18E9BD0029F6ED /* Green.png */; };
		F1DB34411C18E9C80029F6ED /* LightBlue.png in Resources */ = {isa = PBXBuildFile; fileRef = F1DB34401C18E9C80029F6ED /* LightBlue.png */; };
		F1DB34431C18E9D40029F6ED /* Purple.png in Resources */ = {isa = PBXBuildFile; fileRef = F1DB34421C18E9D40029F6ED /* Purple.png */; };
		F1DB34451C18E9F20029F6ED /* GrayBlue.png in Resources */ = {isa = PBXBuildFile; fileRef = F1DB34441C18E9F20029F6ED /* GrayBlue.png */; };
		F1DB34471C18EA050029F6ED /* Black.png in Resources */ = {isa = PBXBuildFile; fileRef = F1DB34461C18EA050029F6ED /* Black.png */; };
		F1DB34491C18EA100029F6ED /* RedPin.png in Resources */ = {isa = PBXBuildFile; fileRef = F1DB34481C18EA100029F6ED /* RedPin.png */; };
		F1DB344B1C18EA170029F6ED /* OrangePin.png in Resources */ = {isa = PBXBuildFile; fileRef = F1DB344A1C18EA170029F6ED /* OrangePin.png */; };
		F1DB34501C18ED510029F6ED /* MoreViewController.swift in Sources */ = {isa = PBXBuildFile; fileRef = F1DB344F1C18ED510029F6ED /* MoreViewController.swift */; };
		F1DB345B1C1924DD0029F6ED /* Profile.png in Resources */ = {isa = PBXBuildFile; fileRef = F1DB345A1C1924DD0029F6ED /* Profile.png */; };
		F1DB345D1C19287A0029F6ED /* Plus.png in Resources */ = {isa = PBXBuildFile; fileRef = F1DB345C1C19287A0029F6ED /* Plus.png */; };
		F1DB345F1C19370C0029F6ED /* ProfileViewController.swift in Sources */ = {isa = PBXBuildFile; fileRef = F1DB345E1C19370C0029F6ED /* ProfileViewController.swift */; };
		F1F9D6B41C181E2400B6C84A /* MapKit.framework in Frameworks */ = {isa = PBXBuildFile; fileRef = F1F9D6B31C181E2400B6C84A /* MapKit.framework */; };
/* End PBXBuildFile section */

/* Begin PBXContainerItemProxy section */
		F15C697E1C17FE9B00851E1C /* PBXContainerItemProxy */ = {
			isa = PBXContainerItemProxy;
			containerPortal = F15C69611C17FE9B00851E1C /* Project object */;
			proxyType = 1;
			remoteGlobalIDString = F15C69681C17FE9B00851E1C;
			remoteInfo = Beto;
		};
		F15C69891C17FE9B00851E1C /* PBXContainerItemProxy */ = {
			isa = PBXContainerItemProxy;
			containerPortal = F15C69611C17FE9B00851E1C /* Project object */;
			proxyType = 1;
			remoteGlobalIDString = F15C69681C17FE9B00851E1C;
			remoteInfo = Beto;
		};
/* End PBXContainerItemProxy section */

/* Begin PBXFileReference section */
		593E5666A94B60FCDA4FE41E /* Pods-Beto.debug.xcconfig */ = {isa = PBXFileReference; includeInIndex = 1; lastKnownFileType = text.xcconfig; name = "Pods-Beto.debug.xcconfig"; path = "Pods/Target Support Files/Pods-Beto/Pods-Beto.debug.xcconfig"; sourceTree = "<group>"; };
		71082586F94F3D355BB8226E /* Pods_Beto.framework */ = {isa = PBXFileReference; explicitFileType = wrapper.framework; includeInIndex = 0; path = Pods_Beto.framework; sourceTree = BUILT_PRODUCTS_DIR; };
		9449C5FAF36520665A64B55A /* Pods-Beto.release.xcconfig */ = {isa = PBXFileReference; includeInIndex = 1; lastKnownFileType = text.xcconfig; name = "Pods-Beto.release.xcconfig"; path = "Pods/Target Support Files/Pods-Beto/Pods-Beto.release.xcconfig"; sourceTree = "<group>"; };
		F15C69691C17FE9B00851E1C /* Beto.app */ = {isa = PBXFileReference; explicitFileType = wrapper.application; includeInIndex = 0; path = Beto.app; sourceTree = BUILT_PRODUCTS_DIR; };
		F15C696C1C17FE9B00851E1C /* AppDelegate.swift */ = {isa = PBXFileReference; lastKnownFileType = sourcecode.swift; path = AppDelegate.swift; sourceTree = "<group>"; };
		F15C69731C17FE9B00851E1C /* Assets.xcassets */ = {isa = PBXFileReference; lastKnownFileType = folder.assetcatalog; path = Assets.xcassets; sourceTree = "<group>"; };
		F15C697D1C17FE9B00851E1C /* BetoTests.xctest */ = {isa = PBXFileReference; explicitFileType = wrapper.cfbundle; includeInIndex = 0; path = BetoTests.xctest; sourceTree = BUILT_PRODUCTS_DIR; };
		F15C69811C17FE9B00851E1C /* BetoTests.swift */ = {isa = PBXFileReference; lastKnownFileType = sourcecode.swift; path = BetoTests.swift; sourceTree = "<group>"; };
		F15C69881C17FE9B00851E1C /* BetoUITests.xctest */ = {isa = PBXFileReference; explicitFileType = wrapper.cfbundle; includeInIndex = 0; path = BetoUITests.xctest; sourceTree = BUILT_PRODUCTS_DIR; };
		F15C698C1C17FE9B00851E1C /* BetoUITests.swift */ = {isa = PBXFileReference; lastKnownFileType = sourcecode.swift; path = BetoUITests.swift; sourceTree = "<group>"; };
		F15C698E1C17FE9B00851E1C /* Info.plist */ = {isa = PBXFileReference; lastKnownFileType = text.plist.xml; path = Info.plist; sourceTree = "<group>"; };
		F15C699E1C17FEE700851E1C /* Event.swift */ = {isa = PBXFileReference; fileEncoding = 4; lastKnownFileType = sourcecode.swift; path = Event.swift; sourceTree = "<group>"; };
		F15C69A01C17FF0A00851E1C /* Constants.swift */ = {isa = PBXFileReference; fileEncoding = 4; lastKnownFileType = sourcecode.swift; path = Constants.swift; sourceTree = "<group>"; };
		F15C69A41C17FF3500851E1C /* Trending.swift */ = {isa = PBXFileReference; fileEncoding = 4; lastKnownFileType = sourcecode.swift; path = Trending.swift; sourceTree = "<group>"; };
		F15C69A81C17FF9100851E1C /* TrendingTableViewCell.swift */ = {isa = PBXFileReference; fileEncoding = 4; lastKnownFileType = sourcecode.swift; path = TrendingTableViewCell.swift; sourceTree = "<group>"; };
		F15C69AA1C17FFAB00851E1C /* Main.storyboard */ = {isa = PBXFileReference; fileEncoding = 4; lastKnownFileType = file.storyboard; path = Main.storyboard; sourceTree = "<group>"; };
		F15C69AF1C17FFF500851E1C /* LogInViewControllerHelper.swift */ = {isa = PBXFileReference; fileEncoding = 4; lastKnownFileType = sourcecode.swift; path = LogInViewControllerHelper.swift; sourceTree = "<group>"; };
		F15C69B21C18001400851E1C /* SignInViewControllerHelper.swift */ = {isa = PBXFileReference; fileEncoding = 4; lastKnownFileType = sourcecode.swift; path = SignInViewControllerHelper.swift; sourceTree = "<group>"; };
		F15C69B41C18003100851E1C /* LogInViewController.swift */ = {isa = PBXFileReference; fileEncoding = 4; lastKnownFileType = sourcecode.swift; path = LogInViewController.swift; sourceTree = "<group>"; };
		F15C69B61C18004800851E1C /* SignInViewController.swift */ = {isa = PBXFileReference; fileEncoding = 4; lastKnownFileType = sourcecode.swift; path = SignInViewController.swift; sourceTree = "<group>"; };
		F15C69BA1C1800A700851E1C /* ParseBetoTabViewControllerHelper.swift */ = {isa = PBXFileReference; fileEncoding = 4; lastKnownFileType = sourcecode.swift; path = ParseBetoTabViewControllerHelper.swift; sourceTree = "<group>"; };
		F15C69BC1C1800BE00851E1C /* BetoTabViewController.swift */ = {isa = PBXFileReference; fileEncoding = 4; lastKnownFileType = sourcecode.swift; path = BetoTabViewController.swift; sourceTree = "<group>"; };
		F15C69C11C1800F500851E1C /* TrendViewController.swift */ = {isa = PBXFileReference; fileEncoding = 4; lastKnownFileType = sourcecode.swift; path = TrendViewController.swift; sourceTree = "<group>"; };
		F15C69C31C18010D00851E1C /* ExploreViewController.swift */ = {isa = PBXFileReference; fileEncoding = 4; lastKnownFileType = sourcecode.swift; path = ExploreViewController.swift; sourceTree = "<group>"; };
		F15C69C51C18012100851E1C /* InfoViewController.swift */ = {isa = PBXFileReference; fileEncoding = 4; lastKnownFileType = sourcecode.swift; path = InfoViewController.swift; sourceTree = "<group>"; };
		F15C69C71C18015500851E1C /* LaunchScreen.storyboard */ = {isa = PBXFileReference; fileEncoding = 4; lastKnownFileType = file.storyboard; path = LaunchScreen.storyboard; sourceTree = "<group>"; };
		F15C69CB1C18020400851E1C /* BetoLogo.jpg */ = {isa = PBXFileReference; lastKnownFileType = image.jpeg; path = BetoLogo.jpg; sourceTree = "<group>"; };
		F15C69CE1C18021A00851E1C /* BetoLaunchScreenLogo.jpg */ = {isa = PBXFileReference; lastKnownFileType = image.jpeg; path = BetoLaunchScreenLogo.jpg; sourceTree = "<group>"; };
		F15C69D11C18023300851E1C /* background.jpg */ = {isa = PBXFileReference; lastKnownFileType = image.jpeg; path = background.jpg; sourceTree = "<group>"; };
		F15C69D21C18023300851E1C /* facebook.png */ = {isa = PBXFileReference; lastKnownFileType = image.png; path = facebook.png; sourceTree = "<group>"; };
		F15C69D31C18023300851E1C /* twitter.png */ = {isa = PBXFileReference; lastKnownFileType = image.png; path = twitter.png; sourceTree = "<group>"; };
		F15C69D41C18023300851E1C /* password.png */ = {isa = PBXFileReference; lastKnownFileType = image.png; path = password.png; sourceTree = "<group>"; };
		F15C69D51C18023300851E1C /* signUp.png */ = {isa = PBXFileReference; lastKnownFileType = image.png; path = signUp.png; sourceTree = "<group>"; };
		F15C69DC1C18024F00851E1C /* SubmitUnFilled.png */ = {isa = PBXFileReference; lastKnownFileType = image.png; path = SubmitUnFilled.png; sourceTree = "<group>"; };
		F15C69DD1C18024F00851E1C /* SubmitFilled.png */ = {isa = PBXFileReference; lastKnownFileType = image.png; path = SubmitFilled.png; sourceTree = "<group>"; };
		F15C69DE1C18024F00851E1C /* Close.png */ = {isa = PBXFileReference; lastKnownFileType = image.png; path = Close.png; sourceTree = "<group>"; };
		F15C69E31C18027400851E1C /* Settings.png */ = {isa = PBXFileReference; lastKnownFileType = image.png; path = Settings.png; sourceTree = "<group>"; };
		F15C69E41C18027400851E1C /* Trending.png */ = {isa = PBXFileReference; lastKnownFileType = image.png; path = Trending.png; sourceTree = "<group>"; };
		F15C69E51C18027400851E1C /* Map.png */ = {isa = PBXFileReference; lastKnownFileType = image.png; path = Map.png; sourceTree = "<group>"; };
		F15C69EA1C18029600851E1C /* Refresh.png */ = {isa = PBXFileReference; lastKnownFileType = image.png; path = Refresh.png; sourceTree = "<group>"; };
		F15C69EB1C18029600851E1C /* All.png */ = {isa = PBXFileReference; lastKnownFileType = image.png; path = All.png; sourceTree = "<group>"; };
		F15C69EC1C18029600851E1C /* Sports.png */ = {isa = PBXFileReference; lastKnownFileType = image.png; path = Sports.png; sourceTree = "<group>"; };
		F15C69ED1C18029600851E1C /* Meetings.png */ = {isa = PBXFileReference; lastKnownFileType = image.png; path = Meetings.png; sourceTree = "<group>"; };
		F15C69EE1C18029600851E1C /* Study.png */ = {isa = PBXFileReference; lastKnownFileType = image.png; path = Study.png; sourceTree = "<group>"; };
		F15C69EF1C18029600851E1C /* NightLife.png */ = {isa = PBXFileReference; lastKnownFileType = image.png; path = NightLife.png; sourceTree = "<group>"; };
		F15C69F01C18029600851E1C /* Concerts.png */ = {isa = PBXFileReference; lastKnownFileType = image.png; path = Concerts.png; sourceTree = "<group>"; };
		F15C69F81C18031A00851E1C /* Info.plist */ = {isa = PBXFileReference; fileEncoding = 4; lastKnownFileType = text.plist.xml; path = Info.plist; sourceTree = "<group>"; };
		F18A8DF11C18C347000B016A /* EventAnnotation.swift */ = {isa = PBXFileReference; fileEncoding = 4; lastKnownFileType = sourcecode.swift; path = EventAnnotation.swift; sourceTree = "<group>"; };
		F1DB342E1C18C8B70029F6ED /* AddEventFormViewController.swift */ = {isa = PBXFileReference; fileEncoding = 4; lastKnownFileType = sourcecode.swift; path = AddEventFormViewController.swift; sourceTree = "<group>"; };
		F1DB34301C18C9890029F6ED /* CreateEventsForm.swift */ = {isa = PBXFileReference; fileEncoding = 4; lastKnownFileType = sourcecode.swift; path = CreateEventsForm.swift; sourceTree = "<group>"; };
		F1DB343A1C18E96B0029F6ED /* DarkBlue.png */ = {isa = PBXFileReference; lastKnownFileType = image.png; path = DarkBlue.png; sourceTree = "<group>"; };
		F1DB343C1C18E9AD0029F6ED /* Yellow.png */ = {isa = PBXFileReference; lastKnownFileType = image.png; path = Yellow.png; sourceTree = "<group>"; };
		F1DB343E1C18E9BD0029F6ED /* Green.png */ = {isa = PBXFileReference; lastKnownFileType = image.png; path = Green.png; sourceTree = "<group>"; };
		F1DB34401C18E9C80029F6ED /* LightBlue.png */ = {isa = PBXFileReference; lastKnownFileType = image.png; path = LightBlue.png; sourceTree = "<group>"; };
		F1DB34421C18E9D40029F6ED /* Purple.png */ = {isa = PBXFileReference; lastKnownFileType = image.png; path = Purple.png; sourceTree = "<group>"; };
		F1DB34441C18E9F20029F6ED /* GrayBlue.png */ = {isa = PBXFileReference; lastKnownFileType = image.png; path = GrayBlue.png; sourceTree = "<group>"; };
		F1DB34461C18EA050029F6ED /* Black.png */ = {isa = PBXFileReference; lastKnownFileType = image.png; path = Black.png; sourceTree = "<group>"; };
		F1DB34481C18EA100029F6ED /* RedPin.png */ = {isa = PBXFileReference; lastKnownFileType = image.png; path = RedPin.png; sourceTree = "<group>"; };
		F1DB344A1C18EA170029F6ED /* OrangePin.png */ = {isa = PBXFileReference; lastKnownFileType = image.png; path = OrangePin.png; sourceTree = "<group>"; };
		F1DB344F1C18ED510029F6ED /* MoreViewController.swift */ = {isa = PBXFileReference; fileEncoding = 4; lastKnownFileType = sourcecode.swift; path = MoreViewController.swift; sourceTree = "<group>"; };
		F1DB345A1C1924DD0029F6ED /* Profile.png */ = {isa = PBXFileReference; lastKnownFileType = image.png; path = Profile.png; sourceTree = "<group>"; };
		F1DB345C1C19287A0029F6ED /* Plus.png */ = {isa = PBXFileReference; lastKnownFileType = image.png; path = Plus.png; sourceTree = "<group>"; };
		F1DB345E1C19370C0029F6ED /* ProfileViewController.swift */ = {isa = PBXFileReference; fileEncoding = 4; lastKnownFileType = sourcecode.swift; path = ProfileViewController.swift; sourceTree = "<group>"; };
		F1F9D6B31C181E2400B6C84A /* MapKit.framework */ = {isa = PBXFileReference; lastKnownFileType = wrapper.framework; name = MapKit.framework; path = System/Library/Frameworks/MapKit.framework; sourceTree = SDKROOT; };
/* End PBXFileReference section */

/* Begin PBXFrameworksBuildPhase section */
		F15C69661C17FE9B00851E1C /* Frameworks */ = {
			isa = PBXFrameworksBuildPhase;
			buildActionMask = 2147483647;
			files = (
				F1F9D6B41C181E2400B6C84A /* MapKit.framework in Frameworks */,
				E18AC570440C39678AA7D222 /* Pods_Beto.framework in Frameworks */,
			);
			runOnlyForDeploymentPostprocessing = 0;
		};
		F15C697A1C17FE9B00851E1C /* Frameworks */ = {
			isa = PBXFrameworksBuildPhase;
			buildActionMask = 2147483647;
			files = (
			);
			runOnlyForDeploymentPostprocessing = 0;
		};
		F15C69851C17FE9B00851E1C /* Frameworks */ = {
			isa = PBXFrameworksBuildPhase;
			buildActionMask = 2147483647;
			files = (
			);
			runOnlyForDeploymentPostprocessing = 0;
		};
/* End PBXFrameworksBuildPhase section */

/* Begin PBXGroup section */
		218D8A13332553F822BD5BEE /* Pods */ = {
			isa = PBXGroup;
			children = (
				593E5666A94B60FCDA4FE41E /* Pods-Beto.debug.xcconfig */,
				9449C5FAF36520665A64B55A /* Pods-Beto.release.xcconfig */,
			);
			name = Pods;
			sourceTree = "<group>";
		};
		D43830DD1573C78B2E7AEB50 /* Frameworks */ = {
			isa = PBXGroup;
			children = (
				F1F9D6B31C181E2400B6C84A /* MapKit.framework */,
				71082586F94F3D355BB8226E /* Pods_Beto.framework */,
			);
			name = Frameworks;
			sourceTree = "<group>";
		};
		F15C69601C17FE9B00851E1C = {
			isa = PBXGroup;
			children = (
				F15C696B1C17FE9B00851E1C /* Beto */,
				F15C69801C17FE9B00851E1C /* BetoTests */,
				F15C698B1C17FE9B00851E1C /* BetoUITests */,
				F15C696A1C17FE9B00851E1C /* Products */,
				218D8A13332553F822BD5BEE /* Pods */,
				D43830DD1573C78B2E7AEB50 /* Frameworks */,
			);
			sourceTree = "<group>";
		};
		F15C696A1C17FE9B00851E1C /* Products */ = {
			isa = PBXGroup;
			children = (
				F15C69691C17FE9B00851E1C /* Beto.app */,
				F15C697D1C17FE9B00851E1C /* BetoTests.xctest */,
				F15C69881C17FE9B00851E1C /* BetoUITests.xctest */,
			);
			name = Products;
			sourceTree = "<group>";
		};
		F15C696B1C17FE9B00851E1C /* Beto */ = {
			isa = PBXGroup;
			children = (
				F15C696C1C17FE9B00851E1C /* AppDelegate.swift */,
				F15C699A1C17FEC300851E1C /* Model */,
				F15C699B1C17FECA00851E1C /* View */,
				F15C699C1C17FECF00851E1C /* Controller */,
				F15C69CA1C1801F000851E1C /* Assets */,
				F15C69C91C1801D900851E1C /* Supporting Files */,
			);
			path = Beto;
			sourceTree = "<group>";
		};
		F15C69801C17FE9B00851E1C /* BetoTests */ = {
			isa = PBXGroup;
			children = (
				F15C69811C17FE9B00851E1C /* BetoTests.swift */,
			);
			path = BetoTests;
			sourceTree = "<group>";
		};
		F15C698B1C17FE9B00851E1C /* BetoUITests */ = {
			isa = PBXGroup;
			children = (
				F15C698C1C17FE9B00851E1C /* BetoUITests.swift */,
				F15C698E1C17FE9B00851E1C /* Info.plist */,
			);
			path = BetoUITests;
			sourceTree = "<group>";
		};
		F15C699A1C17FEC300851E1C /* Model */ = {
			isa = PBXGroup;
			children = (
				F15C699D1C17FEDB00851E1C /* Parse */,
				F15C69A01C17FF0A00851E1C /* Constants.swift */,
				F15C69A41C17FF3500851E1C /* Trending.swift */,
				F18A8DF11C18C347000B016A /* EventAnnotation.swift */,
				F1DB34301C18C9890029F6ED /* CreateEventsForm.swift */,
			);
			name = Model;
			sourceTree = "<group>";
		};
		F15C699B1C17FECA00851E1C /* View */ = {
			isa = PBXGroup;
			children = (
				F15C69AA1C17FFAB00851E1C /* Main.storyboard */,
				F15C69A61C17FF4B00851E1C /* BetoTabViewController */,
			);
			name = View;
			sourceTree = "<group>";
		};
		F15C699C1C17FECF00851E1C /* Controller */ = {
			isa = PBXGroup;
			children = (
				F15C69AE1C17FFE000851E1C /* Helper */,
				F15C69B41C18003100851E1C /* LogInViewController.swift */,
				F15C69B61C18004800851E1C /* SignInViewController.swift */,
				F15C69B81C18008000851E1C /* BetoTabViewController */,
			);
			name = Controller;
			sourceTree = "<group>";
		};
		F15C699D1C17FEDB00851E1C /* Parse */ = {
			isa = PBXGroup;
			children = (
				F15C699E1C17FEE700851E1C /* Event.swift */,
			);
			name = Parse;
			sourceTree = "<group>";
		};
		F15C69A61C17FF4B00851E1C /* BetoTabViewController */ = {
			isa = PBXGroup;
			children = (
				F15C69A71C17FF5E00851E1C /* Trending */,
			);
			name = BetoTabViewController;
			sourceTree = "<group>";
		};
		F15C69A71C17FF5E00851E1C /* Trending */ = {
			isa = PBXGroup;
			children = (
				F15C69A81C17FF9100851E1C /* TrendingTableViewCell.swift */,
			);
			name = Trending;
			sourceTree = "<group>";
		};
		F15C69AE1C17FFE000851E1C /* Helper */ = {
			isa = PBXGroup;
			children = (
				F15C69AF1C17FFF500851E1C /* LogInViewControllerHelper.swift */,
				F15C69B21C18001400851E1C /* SignInViewControllerHelper.swift */,
			);
			name = Helper;
			sourceTree = "<group>";
		};
		F15C69B81C18008000851E1C /* BetoTabViewController */ = {
			isa = PBXGroup;
			children = (
				F15C69B91C18008D00851E1C /* Parse Helper */,
				F15C69BC1C1800BE00851E1C /* BetoTabViewController.swift */,
				F15C69C11C1800F500851E1C /* TrendViewController.swift */,
				F15C69C31C18010D00851E1C /* ExploreViewController.swift */,
				F15C69C51C18012100851E1C /* InfoViewController.swift */,
				F1DB34531C18F1D30029F6ED /* More */,
			);
			name = BetoTabViewController;
			sourceTree = "<group>";
		};
		F15C69B91C18008D00851E1C /* Parse Helper */ = {
			isa = PBXGroup;
			children = (
				F15C69BA1C1800A700851E1C /* ParseBetoTabViewControllerHelper.swift */,
			);
			name = "Parse Helper";
			sourceTree = "<group>";
		};
		F15C69C91C1801D900851E1C /* Supporting Files */ = {
			isa = PBXGroup;
			children = (
				F15C69C71C18015500851E1C /* LaunchScreen.storyboard */,
				F15C69731C17FE9B00851E1C /* Assets.xcassets */,
				F15C69F81C18031A00851E1C /* Info.plist */,
			);
			name = "Supporting Files";
			sourceTree = "<group>";
		};
		F15C69CA1C1801F000851E1C /* Assets */ = {
			isa = PBXGroup;
			children = (
				F15C69CB1C18020400851E1C /* BetoLogo.jpg */,
				F15C69CD1C18020900851E1C /* LaunchScreenData */,
				F15C69D01C18021E00851E1C /* LogInData */,
				F15C69DB1C18023B00851E1C /* SignInData */,
				F15C69E21C18025900851E1C /* BetoTabViewData */,
			);
			name = Assets;
			sourceTree = "<group>";
		};
		F15C69CD1C18020900851E1C /* LaunchScreenData */ = {
			isa = PBXGroup;
			children = (
				F15C69CE1C18021A00851E1C /* BetoLaunchScreenLogo.jpg */,
			);
			name = LaunchScreenData;
			sourceTree = "<group>";
		};
		F15C69D01C18021E00851E1C /* LogInData */ = {
			isa = PBXGroup;
			children = (
				F15C69D11C18023300851E1C /* background.jpg */,
				F15C69D21C18023300851E1C /* facebook.png */,
				F15C69D31C18023300851E1C /* twitter.png */,
				F15C69D41C18023300851E1C /* password.png */,
				F15C69D51C18023300851E1C /* signUp.png */,
			);
			name = LogInData;
			sourceTree = "<group>";
		};
		F15C69DB1C18023B00851E1C /* SignInData */ = {
			isa = PBXGroup;
			children = (
				F15C69DC1C18024F00851E1C /* SubmitUnFilled.png */,
				F15C69DD1C18024F00851E1C /* SubmitFilled.png */,
				F15C69DE1C18024F00851E1C /* Close.png */,
			);
			name = SignInData;
			sourceTree = "<group>";
		};
		F15C69E21C18025900851E1C /* BetoTabViewData */ = {
			isa = PBXGroup;
			children = (
				F15C69E31C18027400851E1C /* Settings.png */,
				F15C69E41C18027400851E1C /* Trending.png */,
				F15C69E51C18027400851E1C /* Map.png */,
				F15C69E91C18028600851E1C /* Trending */,
				F1DB34341C18E9390029F6ED /* Explore */,
				F1DB34541C1922D60029F6ED /* More */,
			);
			name = BetoTabViewData;
			sourceTree = "<group>";
		};
		F15C69E91C18028600851E1C /* Trending */ = {
			isa = PBXGroup;
			children = (
				F15C69EA1C18029600851E1C /* Refresh.png */,
				F15C69EB1C18029600851E1C /* All.png */,
				F15C69EC1C18029600851E1C /* Sports.png */,
				F15C69ED1C18029600851E1C /* Meetings.png */,
				F15C69EE1C18029600851E1C /* Study.png */,
				F15C69EF1C18029600851E1C /* NightLife.png */,
				F15C69F01C18029600851E1C /* Concerts.png */,
			);
			name = Trending;
			sourceTree = "<group>";
		};
		F1DB34341C18E9390029F6ED /* Explore */ = {
			isa = PBXGroup;
			children = (
				F1DB34351C18E9430029F6ED /* Pins */,
			);
			name = Explore;
			sourceTree = "<group>";
		};
		F1DB34351C18E9430029F6ED /* Pins */ = {
			isa = PBXGroup;
			children = (
				F1DB343A1C18E96B0029F6ED /* DarkBlue.png */,
				F1DB34401C18E9C80029F6ED /* LightBlue.png */,
				F1DB343C1C18E9AD0029F6ED /* Yellow.png */,
				F1DB343E1C18E9BD0029F6ED /* Green.png */,
				F1DB34421C18E9D40029F6ED /* Purple.png */,
				F1DB34441C18E9F20029F6ED /* GrayBlue.png */,
				F1DB34461C18EA050029F6ED /* Black.png */,
				F1DB34481C18EA100029F6ED /* RedPin.png */,
				F1DB344A1C18EA170029F6ED /* OrangePin.png */,
			);
			name = Pins;
			sourceTree = "<group>";
		};
		F1DB34531C18F1D30029F6ED /* More */ = {
			isa = PBXGroup;
			children = (
				F1DB344F1C18ED510029F6ED /* MoreViewController.swift */,
				F1DB342E1C18C8B70029F6ED /* AddEventFormViewController.swift */,
				F1DB345E1C19370C0029F6ED /* ProfileViewController.swift */,
			);
			name = More;
			sourceTree = "<group>";
		};
		F1DB34541C1922D60029F6ED /* More */ = {
			isa = PBXGroup;
			children = (
				F1DB345A1C1924DD0029F6ED /* Profile.png */,
				F1DB345C1C19287A0029F6ED /* Plus.png */,
			);
			name = More;
			sourceTree = "<group>";
		};
/* End PBXGroup section */

/* Begin PBXNativeTarget section */
		F15C69681C17FE9B00851E1C /* Beto */ = {
			isa = PBXNativeTarget;
			buildConfigurationList = F15C69911C17FE9B00851E1C /* Build configuration list for PBXNativeTarget "Beto" */;
			buildPhases = (
				27AC05C8C828BF534834D8AC /* Check Pods Manifest.lock */,
				F15C69651C17FE9B00851E1C /* Sources */,
				F15C69661C17FE9B00851E1C /* Frameworks */,
				F15C69671C17FE9B00851E1C /* Resources */,
				E2F784CB91457C53649E5101 /* Embed Pods Frameworks */,
				5D0A1C4A62153308A448D32C /* Copy Pods Resources */,
			);
			buildRules = (
			);
			dependencies = (
			);
			name = Beto;
			productName = Beto;
			productReference = F15C69691C17FE9B00851E1C /* Beto.app */;
			productType = "com.apple.product-type.application";
		};
		F15C697C1C17FE9B00851E1C /* BetoTests */ = {
			isa = PBXNativeTarget;
			buildConfigurationList = F15C69941C17FE9B00851E1C /* Build configuration list for PBXNativeTarget "BetoTests" */;
			buildPhases = (
				F15C69791C17FE9B00851E1C /* Sources */,
				F15C697A1C17FE9B00851E1C /* Frameworks */,
				F15C697B1C17FE9B00851E1C /* Resources */,
			);
			buildRules = (
			);
			dependencies = (
				F15C697F1C17FE9B00851E1C /* PBXTargetDependency */,
			);
			name = BetoTests;
			productName = BetoTests;
			productReference = F15C697D1C17FE9B00851E1C /* BetoTests.xctest */;
			productType = "com.apple.product-type.bundle.unit-test";
		};
		F15C69871C17FE9B00851E1C /* BetoUITests */ = {
			isa = PBXNativeTarget;
			buildConfigurationList = F15C69971C17FE9B00851E1C /* Build configuration list for PBXNativeTarget "BetoUITests" */;
			buildPhases = (
				F15C69841C17FE9B00851E1C /* Sources */,
				F15C69851C17FE9B00851E1C /* Frameworks */,
				F15C69861C17FE9B00851E1C /* Resources */,
			);
			buildRules = (
			);
			dependencies = (
				F15C698A1C17FE9B00851E1C /* PBXTargetDependency */,
			);
			name = BetoUITests;
			productName = BetoUITests;
			productReference = F15C69881C17FE9B00851E1C /* BetoUITests.xctest */;
			productType = "com.apple.product-type.bundle.ui-testing";
		};
/* End PBXNativeTarget section */

/* Begin PBXProject section */
		F15C69611C17FE9B00851E1C /* Project object */ = {
			isa = PBXProject;
			attributes = {
				LastSwiftUpdateCheck = 0710;
				LastUpgradeCheck = 0710;
				ORGANIZATIONNAME = "Varun D Patel";
				TargetAttributes = {
					F15C69681C17FE9B00851E1C = {
						CreatedOnToolsVersion = 7.1.1;
					};
					F15C697C1C17FE9B00851E1C = {
						CreatedOnToolsVersion = 7.1.1;
						TestTargetID = F15C69681C17FE9B00851E1C;
					};
					F15C69871C17FE9B00851E1C = {
						CreatedOnToolsVersion = 7.1.1;
						TestTargetID = F15C69681C17FE9B00851E1C;
					};
				};
			};
			buildConfigurationList = F15C69641C17FE9B00851E1C /* Build configuration list for PBXProject "Beto" */;
			compatibilityVersion = "Xcode 3.2";
			developmentRegion = English;
			hasScannedForEncodings = 0;
			knownRegions = (
				en,
				Base,
			);
			mainGroup = F15C69601C17FE9B00851E1C;
			productRefGroup = F15C696A1C17FE9B00851E1C /* Products */;
			projectDirPath = "";
			projectRoot = "";
			targets = (
				F15C69681C17FE9B00851E1C /* Beto */,
				F15C697C1C17FE9B00851E1C /* BetoTests */,
				F15C69871C17FE9B00851E1C /* BetoUITests */,
			);
		};
/* End PBXProject section */

/* Begin PBXResourcesBuildPhase section */
		F15C69671C17FE9B00851E1C /* Resources */ = {
			isa = PBXResourcesBuildPhase;
			buildActionMask = 2147483647;
			files = (
				F1DB343F1C18E9BD0029F6ED /* Green.png in Resources */,
				F15C6A101C18070100851E1C /* Assets.xcassets in Resources */,
				F15C6A0F1C1806F100851E1C /* Main.storyboard in Resources */,
				F1DB344B1C18EA170029F6ED /* OrangePin.png in Resources */,
				F15C6A0E1C1806E700851E1C /* LaunchScreen.storyboard in Resources */,
				F15C69FA1C1806E100851E1C /* BetoLogo.jpg in Resources */,
				F15C69FB1C1806E100851E1C /* BetoLaunchScreenLogo.jpg in Resources */,
				F15C69FC1C1806E100851E1C /* background.jpg in Resources */,
				F1DB343D1C18E9AD0029F6ED /* Yellow.png in Resources */,
				F15C69FD1C1806E100851E1C /* facebook.png in Resources */,
				F15C69FE1C1806E100851E1C /* twitter.png in Resources */,
				F1DB34431C18E9D40029F6ED /* Purple.png in Resources */,
				F1DB345B1C1924DD0029F6ED /* Profile.png in Resources */,
				F1DB343B1C18E96B0029F6ED /* DarkBlue.png in Resources */,
				F15C69FF1C1806E100851E1C /* password.png in Resources */,
				F15C6A001C1806E100851E1C /* signUp.png in Resources */,
				F1DB34411C18E9C80029F6ED /* LightBlue.png in Resources */,
				F15C6A011C1806E100851E1C /* SubmitUnFilled.png in Resources */,
				F1DB345D1C19287A0029F6ED /* Plus.png in Resources */,
				F1DB34471C18EA050029F6ED /* Black.png in Resources */,
				F15C6A021C1806E100851E1C /* SubmitFilled.png in Resources */,
				F15C6A031C1806E100851E1C /* Close.png in Resources */,
				F1DB34451C18E9F20029F6ED /* GrayBlue.png in Resources */,
				F15C6A041C1806E100851E1C /* Settings.png in Resources */,
				F15C6A051C1806E100851E1C /* Trending.png in Resources */,
				F15C6A061C1806E100851E1C /* Map.png in Resources */,
				F1DB34491C18EA100029F6ED /* RedPin.png in Resources */,
				F15C6A071C1806E100851E1C /* Refresh.png in Resources */,
				F15C6A081C1806E100851E1C /* All.png in Resources */,
				F15C6A091C1806E100851E1C /* Sports.png in Resources */,
				F15C6A0A1C1806E100851E1C /* Meetings.png in Resources */,
				F15C6A0B1C1806E100851E1C /* Study.png in Resources */,
				F15C6A0C1C1806E100851E1C /* NightLife.png in Resources */,
				F15C6A0D1C1806E100851E1C /* Concerts.png in Resources */,
			);
			runOnlyForDeploymentPostprocessing = 0;
		};
		F15C697B1C17FE9B00851E1C /* Resources */ = {
			isa = PBXResourcesBuildPhase;
			buildActionMask = 2147483647;
			files = (
			);
			runOnlyForDeploymentPostprocessing = 0;
		};
		F15C69861C17FE9B00851E1C /* Resources */ = {
			isa = PBXResourcesBuildPhase;
			buildActionMask = 2147483647;
			files = (
			);
			runOnlyForDeploymentPostprocessing = 0;
		};
/* End PBXResourcesBuildPhase section */

/* Begin PBXShellScriptBuildPhase section */
		27AC05C8C828BF534834D8AC /* Check Pods Manifest.lock */ = {
			isa = PBXShellScriptBuildPhase;
			buildActionMask = 2147483647;
			files = (
			);
			inputPaths = (
			);
			name = "Check Pods Manifest.lock";
			outputPaths = (
			);
			runOnlyForDeploymentPostprocessing = 0;
			shellPath = /bin/sh;
			shellScript = "diff \"${PODS_ROOT}/../Podfile.lock\" \"${PODS_ROOT}/Manifest.lock\" > /dev/null\nif [[ $? != 0 ]] ; then\n    cat << EOM\nerror: The sandbox is not in sync with the Podfile.lock. Run 'pod install' or update your CocoaPods installation.\nEOM\n    exit 1\nfi\n";
			showEnvVarsInLog = 0;
		};
		5D0A1C4A62153308A448D32C /* Copy Pods Resources */ = {
			isa = PBXShellScriptBuildPhase;
			buildActionMask = 2147483647;
			files = (
			);
			inputPaths = (
			);
			name = "Copy Pods Resources";
			outputPaths = (
			);
			runOnlyForDeploymentPostprocessing = 0;
			shellPath = /bin/sh;
			shellScript = "\"${SRCROOT}/Pods/Target Support Files/Pods-Beto/Pods-Beto-resources.sh\"\n";
			showEnvVarsInLog = 0;
		};
		E2F784CB91457C53649E5101 /* Embed Pods Frameworks */ = {
			isa = PBXShellScriptBuildPhase;
			buildActionMask = 2147483647;
			files = (
			);
			inputPaths = (
			);
			name = "Embed Pods Frameworks";
			outputPaths = (
			);
			runOnlyForDeploymentPostprocessing = 0;
			shellPath = /bin/sh;
			shellScript = "\"${SRCROOT}/Pods/Target Support Files/Pods-Beto/Pods-Beto-frameworks.sh\"\n";
			showEnvVarsInLog = 0;
		};
/* End PBXShellScriptBuildPhase section */

/* Begin PBXSourcesBuildPhase section */
		F15C69651C17FE9B00851E1C /* Sources */ = {
			isa = PBXSourcesBuildPhase;
			buildActionMask = 2147483647;
			files = (
				F1DB34311C18C9890029F6ED /* CreateEventsForm.swift in Sources */,
				F15C69A91C17FF9100851E1C /* TrendingTableViewCell.swift in Sources */,
				F15C69C41C18010E00851E1C /* ExploreViewController.swift in Sources */,
				F15C69A51C17FF3500851E1C /* Trending.swift in Sources */,
				F15C69BD1C1800BE00851E1C /* BetoTabViewController.swift in Sources */,
				F1DB34501C18ED510029F6ED /* MoreViewController.swift in Sources */,
				F15C69C21C1800F500851E1C /* TrendViewController.swift in Sources */,
				F15C69BB1C1800A700851E1C /* ParseBetoTabViewControllerHelper.swift in Sources */,
				F15C69B51C18003100851E1C /* LogInViewController.swift in Sources */,
				F1DB345F1C19370C0029F6ED /* ProfileViewController.swift in Sources */,
				F15C699F1C17FEE700851E1C /* Event.swift in Sources */,
				F15C696D1C17FE9B00851E1C /* AppDelegate.swift in Sources */,
				F18A8DF21C18C347000B016A /* EventAnnotation.swift in Sources */,
				F15C69B31C18001400851E1C /* SignInViewControllerHelper.swift in Sources */,
				F15C69B01C17FFF500851E1C /* LogInViewControllerHelper.swift in Sources */,
				F15C69B71C18004800851E1C /* SignInViewController.swift in Sources */,
				F15C69C61C18012100851E1C /* InfoViewController.swift in Sources */,
				F15C69A11C17FF0A00851E1C /* Constants.swift in Sources */,
				F1DB342F1C18C8B70029F6ED /* AddEventFormViewController.swift in Sources */,
			);
			runOnlyForDeploymentPostprocessing = 0;
		};
		F15C69791C17FE9B00851E1C /* Sources */ = {
			isa = PBXSourcesBuildPhase;
			buildActionMask = 2147483647;
			files = (
				F15C69821C17FE9B00851E1C /* BetoTests.swift in Sources */,
			);
			runOnlyForDeploymentPostprocessing = 0;
		};
		F15C69841C17FE9B00851E1C /* Sources */ = {
			isa = PBXSourcesBuildPhase;
			buildActionMask = 2147483647;
			files = (
				F15C698D1C17FE9B00851E1C /* BetoUITests.swift in Sources */,
			);
			runOnlyForDeploymentPostprocessing = 0;
		};
/* End PBXSourcesBuildPhase section */

/* Begin PBXTargetDependency section */
		F15C697F1C17FE9B00851E1C /* PBXTargetDependency */ = {
			isa = PBXTargetDependency;
			target = F15C69681C17FE9B00851E1C /* Beto */;
			targetProxy = F15C697E1C17FE9B00851E1C /* PBXContainerItemProxy */;
		};
		F15C698A1C17FE9B00851E1C /* PBXTargetDependency */ = {
			isa = PBXTargetDependency;
			target = F15C69681C17FE9B00851E1C /* Beto */;
			targetProxy = F15C69891C17FE9B00851E1C /* PBXContainerItemProxy */;
		};
/* End PBXTargetDependency section */

/* Begin XCBuildConfiguration section */
		F15C698F1C17FE9B00851E1C /* Debug */ = {
			isa = XCBuildConfiguration;
			buildSettings = {
				ALWAYS_SEARCH_USER_PATHS = NO;
				CLANG_CXX_LANGUAGE_STANDARD = "gnu++0x";
				CLANG_CXX_LIBRARY = "libc++";
				CLANG_ENABLE_MODULES = YES;
				CLANG_ENABLE_OBJC_ARC = YES;
				CLANG_WARN_BOOL_CONVERSION = YES;
				CLANG_WARN_CONSTANT_CONVERSION = YES;
				CLANG_WARN_DIRECT_OBJC_ISA_USAGE = YES_ERROR;
				CLANG_WARN_EMPTY_BODY = YES;
				CLANG_WARN_ENUM_CONVERSION = YES;
				CLANG_WARN_INT_CONVERSION = YES;
				CLANG_WARN_OBJC_ROOT_CLASS = YES_ERROR;
				CLANG_WARN_UNREACHABLE_CODE = YES;
				CLANG_WARN__DUPLICATE_METHOD_MATCH = YES;
				"CODE_SIGN_IDENTITY[sdk=iphoneos*]" = "iPhone Developer";
				COPY_PHASE_STRIP = NO;
				DEBUG_INFORMATION_FORMAT = dwarf;
				ENABLE_STRICT_OBJC_MSGSEND = YES;
				ENABLE_TESTABILITY = YES;
				GCC_C_LANGUAGE_STANDARD = gnu99;
				GCC_DYNAMIC_NO_PIC = NO;
				GCC_NO_COMMON_BLOCKS = YES;
				GCC_OPTIMIZATION_LEVEL = 0;
				GCC_PREPROCESSOR_DEFINITIONS = (
					"DEBUG=1",
					"$(inherited)",
				);
				GCC_WARN_64_TO_32_BIT_CONVERSION = YES;
				GCC_WARN_ABOUT_RETURN_TYPE = YES_ERROR;
				GCC_WARN_UNDECLARED_SELECTOR = YES;
				GCC_WARN_UNINITIALIZED_AUTOS = YES_AGGRESSIVE;
				GCC_WARN_UNUSED_FUNCTION = YES;
				GCC_WARN_UNUSED_VARIABLE = YES;
				IPHONEOS_DEPLOYMENT_TARGET = 9.1;
				MTL_ENABLE_DEBUG_INFO = YES;
				ONLY_ACTIVE_ARCH = YES;
				SDKROOT = iphoneos;
				SWIFT_OPTIMIZATION_LEVEL = "-Onone";
				TARGETED_DEVICE_FAMILY = "1,2";
			};
			name = Debug;
		};
		F15C69901C17FE9B00851E1C /* Release */ = {
			isa = XCBuildConfiguration;
			buildSettings = {
				ALWAYS_SEARCH_USER_PATHS = NO;
				CLANG_CXX_LANGUAGE_STANDARD = "gnu++0x";
				CLANG_CXX_LIBRARY = "libc++";
				CLANG_ENABLE_MODULES = YES;
				CLANG_ENABLE_OBJC_ARC = YES;
				CLANG_WARN_BOOL_CONVERSION = YES;
				CLANG_WARN_CONSTANT_CONVERSION = YES;
				CLANG_WARN_DIRECT_OBJC_ISA_USAGE = YES_ERROR;
				CLANG_WARN_EMPTY_BODY = YES;
				CLANG_WARN_ENUM_CONVERSION = YES;
				CLANG_WARN_INT_CONVERSION = YES;
				CLANG_WARN_OBJC_ROOT_CLASS = YES_ERROR;
				CLANG_WARN_UNREACHABLE_CODE = YES;
				CLANG_WARN__DUPLICATE_METHOD_MATCH = YES;
				"CODE_SIGN_IDENTITY[sdk=iphoneos*]" = "iPhone Developer";
				COPY_PHASE_STRIP = NO;
				DEBUG_INFORMATION_FORMAT = "dwarf-with-dsym";
				ENABLE_NS_ASSERTIONS = NO;
				ENABLE_STRICT_OBJC_MSGSEND = YES;
				GCC_C_LANGUAGE_STANDARD = gnu99;
				GCC_NO_COMMON_BLOCKS = YES;
				GCC_WARN_64_TO_32_BIT_CONVERSION = YES;
				GCC_WARN_ABOUT_RETURN_TYPE = YES_ERROR;
				GCC_WARN_UNDECLARED_SELECTOR = YES;
				GCC_WARN_UNINITIALIZED_AUTOS = YES_AGGRESSIVE;
				GCC_WARN_UNUSED_FUNCTION = YES;
				GCC_WARN_UNUSED_VARIABLE = YES;
				IPHONEOS_DEPLOYMENT_TARGET = 9.1;
				MTL_ENABLE_DEBUG_INFO = NO;
				SDKROOT = iphoneos;
				TARGETED_DEVICE_FAMILY = "1,2";
				VALIDATE_PRODUCT = YES;
			};
			name = Release;
		};
		F15C69921C17FE9B00851E1C /* Debug */ = {
			isa = XCBuildConfiguration;
			baseConfigurationReference = 593E5666A94B60FCDA4FE41E /* Pods-Beto.debug.xcconfig */;
			buildSettings = {
				ASSETCATALOG_COMPILER_APPICON_NAME = AppIcon;
				INFOPLIST_FILE = Beto/Info.plist;
				LD_RUNPATH_SEARCH_PATHS = "$(inherited) @executable_path/Frameworks";
				PRODUCT_BUNDLE_IDENTIFIER = edu.psu.cse.vdp5013.Beto;
				PRODUCT_NAME = "$(TARGET_NAME)";
			};
			name = Debug;
		};
		F15C69931C17FE9B00851E1C /* Release */ = {
			isa = XCBuildConfiguration;
			baseConfigurationReference = 9449C5FAF36520665A64B55A /* Pods-Beto.release.xcconfig */;
			buildSettings = {
				ASSETCATALOG_COMPILER_APPICON_NAME = AppIcon;
				INFOPLIST_FILE = Beto/Info.plist;
				LD_RUNPATH_SEARCH_PATHS = "$(inherited) @executable_path/Frameworks";
				PRODUCT_BUNDLE_IDENTIFIER = edu.psu.cse.vdp5013.Beto;
				PRODUCT_NAME = "$(TARGET_NAME)";
			};
			name = Release;
		};
		F15C69951C17FE9B00851E1C /* Debug */ = {
			isa = XCBuildConfiguration;
			buildSettings = {
				BUNDLE_LOADER = "$(TEST_HOST)";
				INFOPLIST_FILE = BetoTests/Info.plist;
				LD_RUNPATH_SEARCH_PATHS = "$(inherited) @executable_path/Frameworks @loader_path/Frameworks";
				PRODUCT_BUNDLE_IDENTIFIER = edu.psu.cse.vdp5013.BetoTests;
				PRODUCT_NAME = "$(TARGET_NAME)";
				TEST_HOST = "$(BUILT_PRODUCTS_DIR)/Beto.app/Beto";
			};
			name = Debug;
		};
		F15C69961C17FE9B00851E1C /* Release */ = {
			isa = XCBuildConfiguration;
			buildSettings = {
				BUNDLE_LOADER = "$(TEST_HOST)";
				INFOPLIST_FILE = BetoTests/Info.plist;
				LD_RUNPATH_SEARCH_PATHS = "$(inherited) @executable_path/Frameworks @loader_path/Frameworks";
				PRODUCT_BUNDLE_IDENTIFIER = edu.psu.cse.vdp5013.BetoTests;
				PRODUCT_NAME = "$(TARGET_NAME)";
				TEST_HOST = "$(BUILT_PRODUCTS_DIR)/Beto.app/Beto";
			};
			name = Release;
		};
		F15C69981C17FE9B00851E1C /* Debug */ = {
			isa = XCBuildConfiguration;
			buildSettings = {
				INFOPLIST_FILE = BetoUITests/Info.plist;
				LD_RUNPATH_SEARCH_PATHS = "$(inherited) @executable_path/Frameworks @loader_path/Frameworks";
				PRODUCT_BUNDLE_IDENTIFIER = edu.psu.cse.vdp5013.BetoUITests;
				PRODUCT_NAME = "$(TARGET_NAME)";
				TEST_TARGET_NAME = Beto;
				USES_XCTRUNNER = YES;
			};
			name = Debug;
		};
		F15C69991C17FE9B00851E1C /* Release */ = {
			isa = XCBuildConfiguration;
			buildSettings = {
				INFOPLIST_FILE = BetoUITests/Info.plist;
				LD_RUNPATH_SEARCH_PATHS = "$(inherited) @executable_path/Frameworks @loader_path/Frameworks";
				PRODUCT_BUNDLE_IDENTIFIER = edu.psu.cse.vdp5013.BetoUITests;
				PRODUCT_NAME = "$(TARGET_NAME)";
				TEST_TARGET_NAME = Beto;
				USES_XCTRUNNER = YES;
			};
			name = Release;
		};
/* End XCBuildConfiguration section */

/* Begin XCConfigurationList section */
		F15C69641C17FE9B00851E1C /* Build configuration list for PBXProject "Beto" */ = {
			isa = XCConfigurationList;
			buildConfigurations = (
				F15C698F1C17FE9B00851E1C /* Debug */,
				F15C69901C17FE9B00851E1C /* Release */,
			);
			defaultConfigurationIsVisible = 0;
			defaultConfigurationName = Release;
		};
		F15C69911C17FE9B00851E1C /* Build configuration list for PBXNativeTarget "Beto" */ = {
			isa = XCConfigurationList;
			buildConfigurations = (
				F15C69921C17FE9B00851E1C /* Debug */,
				F15C69931C17FE9B00851E1C /* Release */,
			);
			defaultConfigurationIsVisible = 0;
			defaultConfigurationName = Release;
		};
		F15C69941C17FE9B00851E1C /* Build configuration list for PBXNativeTarget "BetoTests" */ = {
			isa = XCConfigurationList;
			buildConfigurations = (
				F15C69951C17FE9B00851E1C /* Debug */,
				F15C69961C17FE9B00851E1C /* Release */,
			);
			defaultConfigurationIsVisible = 0;
			defaultConfigurationName = Release;
		};
		F15C69971C17FE9B00851E1C /* Build configuration list for PBXNativeTarget "BetoUITests" */ = {
			isa = XCConfigurationList;
			buildConfigurations = (
				F15C69981C17FE9B00851E1C /* Debug */,
				F15C69991C17FE9B00851E1C /* Release */,
			);
			defaultConfigurationIsVisible = 0;
			defaultConfigurationName = Release;
		};
/* End XCConfigurationList section */
	};
	rootObject = F15C69611C17FE9B00851E1C /* Project object */;
}
